// !$*UTF8*$!
{
	archiveVersion = 1;
	classes = {
	};
	objectVersion = 50;
	objects = {

/* Begin PBXBuildFile section */
		76FD61A623B929AE00D21B21 /* AppDelegate.swift in Sources */ = {isa = PBXBuildFile; fileRef = 76FD61A523B929AE00D21B21 /* AppDelegate.swift */; };
		76FD61A823B929AE00D21B21 /* SceneDelegate.swift in Sources */ = {isa = PBXBuildFile; fileRef = 76FD61A723B929AE00D21B21 /* SceneDelegate.swift */; };
		76FD61AB23B929AE00D21B21 /* MyProjects.xcdatamodeld in Sources */ = {isa = PBXBuildFile; fileRef = 76FD61A923B929AE00D21B21 /* MyProjects.xcdatamodeld */; };
		76FD61AD23B929AE00D21B21 /* ContentView.swift in Sources */ = {isa = PBXBuildFile; fileRef = 76FD61AC23B929AE00D21B21 /* ContentView.swift */; };
		76FD61AF23B929AE00D21B21 /* Assets.xcassets in Resources */ = {isa = PBXBuildFile; fileRef = 76FD61AE23B929AE00D21B21 /* Assets.xcassets */; };
		76FD61B223B929AE00D21B21 /* Preview Assets.xcassets in Resources */ = {isa = PBXBuildFile; fileRef = 76FD61B123B929AE00D21B21 /* Preview Assets.xcassets */; };
		76FD61B523B929AE00D21B21 /* LaunchScreen.storyboard in Resources */ = {isa = PBXBuildFile; fileRef = 76FD61B323B929AE00D21B21 /* LaunchScreen.storyboard */; };
/* End PBXBuildFile section */

/* Begin PBXFileReference section */
		76FD61A223B929AE00D21B21 /* MyProjects.app */ = {isa = PBXFileReference; explicitFileType = wrapper.application; includeInIndex = 0; path = MyProjects.app; sourceTree = BUILT_PRODUCTS_DIR; };
		76FD61A523B929AE00D21B21 /* AppDelegate.swift */ = {isa = PBXFileReference; lastKnownFileType = sourcecode.swift; path = AppDelegate.swift; sourceTree = "<group>"; };
		76FD61A723B929AE00D21B21 /* SceneDelegate.swift */ = {isa = PBXFileReference; lastKnownFileType = sourcecode.swift; path = SceneDelegate.swift; sourceTree = "<group>"; };
		76FD61AA23B929AE00D21B21 /* MyProjects.xcdatamodel */ = {isa = PBXFileReference; lastKnownFileType = wrapper.xcdatamodel; path = MyProjects.xcdatamodel; sourceTree = "<group>"; };
		76FD61AC23B929AE00D21B21 /* ContentView.swift */ = {isa = PBXFileReference; lastKnownFileType = sourcecode.swift; path = ContentView.swift; sourceTree = "<group>"; };
		76FD61AE23B929AE00D21B21 /* Assets.xcassets */ = {isa = PBXFileReference; lastKnownFileType = folder.assetcatalog; path = Assets.xcassets; sourceTree = "<group>"; };
		76FD61B123B929AE00D21B21 /* Preview Assets.xcassets */ = {isa = PBXFileReference; lastKnownFileType = folder.assetcatalog; path = "Preview Assets.xcassets"; sourceTree = "<group>"; };
		76FD61B423B929AE00D21B21 /* Base */ = {isa = PBXFileReference; lastKnownFileType = file.storyboard; name = Base; path = Base.lproj/LaunchScreen.storyboard; sourceTree = "<group>"; };
		76FD61B623B929AE00D21B21 /* Info.plist */ = {isa = PBXFileReference; lastKnownFileType = text.plist.xml; path = Info.plist; sourceTree = "<group>"; };
/* End PBXFileReference section */

/* Begin PBXFrameworksBuildPhase section */
		76FD619F23B929AE00D21B21 /* Frameworks */ = {
			isa = PBXFrameworksBuildPhase;
			buildActionMask = 2147483647;
			files = (
			);
			runOnlyForDeploymentPostprocessing = 0;
		};
/* End PBXFrameworksBuildPhase section */

/* Begin PBXGroup section */
		76FD619923B929AE00D21B21 = {
			isa = PBXGroup;
			children = (
				76FD61A423B929AE00D21B21 /* MyProjects */,
				76FD61A323B929AE00D21B21 /* Products */,
			);
			sourceTree = "<group>";
		};
		76FD61A323B929AE00D21B21 /* Products */ = {
			isa = PBXGroup;
			children = (
				76FD61A223B929AE00D21B21 /* MyProjects.app */,
			);
			name = Products;
			sourceTree = "<group>";
		};
		76FD61A423B929AE00D21B21 /* MyProjects */ = {
			isa = PBXGroup;
			children = (
				76FD61A523B929AE00D21B21 /* AppDelegate.swift */,
				76FD61A723B929AE00D21B21 /* SceneDelegate.swift */,
				76FD61AC23B929AE00D21B21 /* ContentView.swift */,
				76FD61AE23B929AE00D21B21 /* Assets.xcassets */,
				76FD61B323B929AE00D21B21 /* LaunchScreen.storyboard */,
				76FD61B623B929AE00D21B21 /* Info.plist */,
				76FD61A923B929AE00D21B21 /* MyProjects.xcdatamodeld */,
				76FD61B023B929AE00D21B21 /* Preview Content */,
			);
			path = MyProjects;
			sourceTree = "<group>";
		};
		76FD61B023B929AE00D21B21 /* Preview Content */ = {
			isa = PBXGroup;
			children = (
				76FD61B123B929AE00D21B21 /* Preview Assets.xcassets */,
			);
			path = "Preview Content";
			sourceTree = "<group>";
		};
/* End PBXGroup section */

/* Begin PBXNativeTarget section */
		76FD61A123B929AE00D21B21 /* MyProjects */ = {
			isa = PBXNativeTarget;
			buildConfigurationList = 76FD61B923B929AE00D21B21 /* Build configuration list for PBXNativeTarget "MyProjects" */;
			buildPhases = (
				76FD619E23B929AE00D21B21 /* Sources */,
				76FD619F23B929AE00D21B21 /* Frameworks */,
				76FD61A023B929AE00D21B21 /* Resources */,
			);
			buildRules = (
			);
			dependencies = (
			);
			name = MyProjects;
			productName = MyProjects;
			productReference = 76FD61A223B929AE00D21B21 /* MyProjects.app */;
			productType = "com.apple.product-type.application";
		};
/* End PBXNativeTarget section */

/* Begin PBXProject section */
		76FD619A23B929AE00D21B21 /* Project object */ = {
			isa = PBXProject;
			attributes = {
				LastSwiftUpdateCheck = 1130;
				LastUpgradeCheck = 1130;
				ORGANIZATIONNAME = Firot;
				TargetAttributes = {
					76FD61A123B929AE00D21B21 = {
						CreatedOnToolsVersion = 11.3;
					};
				};
			};
			buildConfigurationList = 76FD619D23B929AE00D21B21 /* Build configuration list for PBXProject "MyProjects" */;
			compatibilityVersion = "Xcode 9.3";
			developmentRegion = en;
			hasScannedForEncodings = 0;
			knownRegions = (
				en,
				Base,
			);
			mainGroup = 76FD619923B929AE00D21B21;
			productRefGroup = 76FD61A323B929AE00D21B21 /* Products */;
			projectDirPath = "";
			projectRoot = "";
			targets = (
				76FD61A123B929AE00D21B21 /* MyProjects */,
			);
		};
/* End PBXProject section */

/* Begin PBXResourcesBuildPhase section */
		76FD61A023B929AE00D21B21 /* Resources */ = {
			isa = PBXResourcesBuildPhase;
			buildActionMask = 2147483647;
			files = (
				76FD61B523B929AE00D21B21 /* LaunchScreen.storyboard in Resources */,
				76FD61B223B929AE00D21B21 /* Preview Assets.xcassets in Resources */,
				76FD61AF23B929AE00D21B21 /* Assets.xcassets in Resources */,
			);
			runOnlyForDeploymentPostprocessing = 0;
		};
/* End PBXResourcesBuildPhase section */

/* Begin PBXSourcesBuildPhase section */
		76FD619E23B929AE00D21B21 /* Sources */ = {
			isa = PBXSourcesBuildPhase;
			buildActionMask = 2147483647;
			files = (
				76FD61A623B929AE00D21B21 /* AppDelegate.swift in Sources */,
				76FD61AB23B929AE00D21B21 /* MyProjects.xcdatamodeld in Sources */,
				76FD61AD23B929AE00D21B21 /* ContentView.swift in Sources */,
				76FD61A823B929AE00D21B21 /* SceneDelegate.swift in Sources */,
			);
			runOnlyForDeploymentPostprocessing = 0;
		};
/* End PBXSourcesBuildPhase section */

/* Begin PBXVariantGroup section */
		76FD61B323B929AE00D21B21 /* LaunchScreen.storyboard */ = {
			isa = PBXVariantGroup;
			children = (
				76FD61B423B929AE00D21B21 /* Base */,
			);
			name = LaunchScreen.storyboard;
			sourceTree = "<group>";
		};
/* End PBXVariantGroup section */

/* Begin XCBuildConfiguration section */
		76FD61B723B929AE00D21B21 /* Debug */ = {
			isa = XCBuildConfiguration;
			buildSettings = {
				ALWAYS_SEARCH_USER_PATHS = NO;
				CLANG_ANALYZER_NONNULL = YES;
				CLANG_ANALYZER_NUMBER_OBJECT_CONVERSION = YES_AGGRESSIVE;
				CLANG_CXX_LANGUAGE_STANDARD = "gnu++14";
				CLANG_CXX_LIBRARY = "libc++";
				CLANG_ENABLE_MODULES = YES;
				CLANG_ENABLE_OBJC_ARC = YES;
				CLANG_ENABLE_OBJC_WEAK = YES;
				CLANG_WARN_BLOCK_CAPTURE_AUTORELEASING = YES;
				CLANG_WARN_BOOL_CONVERSION = YES;
				CLANG_WARN_COMMA = YES;
				CLANG_WARN_CONSTANT_CONVERSION = YES;
				CLANG_WARN_DEPRECATED_OBJC_IMPLEMENTATIONS = YES;
				CLANG_WARN_DIRECT_OBJC_ISA_USAGE = YES_ERROR;
				CLANG_WARN_DOCUMENTATION_COMMENTS = YES;
				CLANG_WARN_EMPTY_BODY = YES;
				CLANG_WARN_ENUM_CONVERSION = YES;
				CLANG_WARN_INFINITE_RECURSION = YES;
				CLANG_WARN_INT_CONVERSION = YES;
				CLANG_WARN_NON_LITERAL_NULL_CONVERSION = YES;
				CLANG_WARN_OBJC_IMPLICIT_RETAIN_SELF = YES;
				CLANG_WARN_OBJC_LITERAL_CONVERSION = YES;
				CLANG_WARN_OBJC_ROOT_CLASS = YES_ERROR;
				CLANG_WARN_RANGE_LOOP_ANALYSIS = YES;
				CLANG_WARN_STRICT_PROTOTYPES = YES;
				CLANG_WARN_SUSPICIOUS_MOVE = YES;
				CLANG_WARN_UNGUARDED_AVAILABILITY = YES_AGGRESSIVE;
				CLANG_WARN_UNREACHABLE_CODE = YES;
				CLANG_WARN__DUPLICATE_METHOD_MATCH = YES;
				COPY_PHASE_STRIP = NO;
				DEBUG_INFORMATION_FORMAT = dwarf;
				ENABLE_STRICT_OBJC_MSGSEND = YES;
				ENABLE_TESTABILITY = YES;
				GCC_C_LANGUAGE_STANDARD = gnu11;
				GCC_DYNAMIC_NO_PIC = NO;
				GCC_NO_COMMON_BLOCKS = YES;
				GCC_OPTIMIZATION_LEVEL = 0;
				GCC_PREPROCESSOR_DEFINITIONS = (
					"DEBUG=1",
					"$(inherited)",
				);
				GCC_WARN_64_TO_32_BIT_CONVERSION = YES;
				GCC_WARN_ABOUT_RETURN_TYPE = YES_ERROR;
				GCC_WARN_UNDECLARED_SELECTOR = YES;
				GCC_WARN_UNINITIALIZED_AUTOS = YES_AGGRESSIVE;
				GCC_WARN_UNUSED_FUNCTION = YES;
				GCC_WARN_UNUSED_VARIABLE = YES;
				IPHONEOS_DEPLOYMENT_TARGET = 13.2;
				MTL_ENABLE_DEBUG_INFO = INCLUDE_SOURCE;
				MTL_FAST_MATH = YES;
				ONLY_ACTIVE_ARCH = YES;
				SDKROOT = iphoneos;
				SWIFT_ACTIVE_COMPILATION_CONDITIONS = DEBUG;
				SWIFT_OPTIMIZATION_LEVEL = "-Onone";
			};
			name = Debug;
		};
		76FD61B823B929AE00D21B21 /* Release */ = {
			isa = XCBuildConfiguration;
			buildSettings = {
				ALWAYS_SEARCH_USER_PATHS = NO;
				CLANG_ANALYZER_NONNULL = YES;
				CLANG_ANALYZER_NUMBER_OBJECT_CONVERSION = YES_AGGRESSIVE;
				CLANG_CXX_LANGUAGE_STANDARD = "gnu++14";
				CLANG_CXX_LIBRARY = "libc++";
				CLANG_ENABLE_MODULES = YES;
				CLANG_ENABLE_OBJC_ARC = YES;
				CLANG_ENABLE_OBJC_WEAK = YES;
				CLANG_WARN_BLOCK_CAPTURE_AUTORELEASING = YES;
				CLANG_WARN_BOOL_CONVERSION = YES;
				CLANG_WARN_COMMA = YES;
				CLANG_WARN_CONSTANT_CONVERSION = YES;
				CLANG_WARN_DEPRECATED_OBJC_IMPLEMENTATIONS = YES;
				CLANG_WARN_DIRECT_OBJC_ISA_USAGE = YES_ERROR;
				CLANG_WARN_DOCUMENTATION_COMMENTS = YES;
				CLANG_WARN_EMPTY_BODY = YES;
				CLANG_WARN_ENUM_CONVERSION = YES;
				CLANG_WARN_INFINITE_RECURSION = YES;
				CLANG_WARN_INT_CONVERSION = YES;
				CLANG_WARN_NON_LITERAL_NULL_CONVERSION = YES;
				CLANG_WARN_OBJC_IMPLICIT_RETAIN_SELF = YES;
				CLANG_WARN_OBJC_LITERAL_CONVERSION = YES;
				CLANG_WARN_OBJC_ROOT_CLASS = YES_ERROR;
				CLANG_WARN_RANGE_LOOP_ANALYSIS = YES;
				CLANG_WARN_STRICT_PROTOTYPES = YES;
				CLANG_WARN_SUSPICIOUS_MOVE = YES;
				CLANG_WARN_UNGUARDED_AVAILABILITY = YES_AGGRESSIVE;
				CLANG_WARN_UNREACHABLE_CODE = YES;
				CLANG_WARN__DUPLICATE_METHOD_MATCH = YES;
				COPY_PHASE_STRIP = NO;
				DEBUG_INFORMATION_FORMAT = "dwarf-with-dsym";
				ENABLE_NS_ASSERTIONS = NO;
				ENABLE_STRICT_OBJC_MSGSEND = YES;
				GCC_C_LANGUAGE_STANDARD = gnu11;
				GCC_NO_COMMON_BLOCKS = YES;
				GCC_WARN_64_TO_32_BIT_CONVERSION = YES;
				GCC_WARN_ABOUT_RETURN_TYPE = YES_ERROR;
				GCC_WARN_UNDECLARED_SELECTOR = YES;
				GCC_WARN_UNINITIALIZED_AUTOS = YES_AGGRESSIVE;
				GCC_WARN_UNUSED_FUNCTION = YES;
				GCC_WARN_UNUSED_VARIABLE = YES;
				IPHONEOS_DEPLOYMENT_TARGET = 13.2;
				MTL_ENABLE_DEBUG_INFO = NO;
				MTL_FAST_MATH = YES;
				SDKROOT = iphoneos;
				SWIFT_COMPILATION_MODE = wholemodule;
				SWIFT_OPTIMIZATION_LEVEL = "-O";
				VALIDATE_PRODUCT = YES;
			};
			name = Release;
		};
		76FD61BA23B929AE00D21B21 /* Debug */ = {
			isa = XCBuildConfiguration;
			buildSettings = {
				ASSETCATALOG_COMPILER_APPICON_NAME = AppIcon;
				CODE_SIGN_STYLE = Automatic;
				DEVELOPMENT_ASSET_PATHS = "\"MyProjects/Preview Content\"";
				DEVELOPMENT_TEAM = 64LWD834U3;
				ENABLE_PREVIEWS = YES;
				INFOPLIST_FILE = MyProjects/Info.plist;
				LD_RUNPATH_SEARCH_PATHS = (
					"$(inherited)",
					"@executable_path/Frameworks",
				);
				PRODUCT_BUNDLE_IDENTIFIER = com.firot.MyProjects;
				PRODUCT_NAME = "$(TARGET_NAME)";
				SWIFT_VERSION = 5.0;
				TARGETED_DEVICE_FAMILY = "1,2";
			};
			name = Debug;
		};
		76FD61BB23B929AE00D21B21 /* Release */ = {
			isa = XCBuildConfiguration;
			buildSettings = {
				ASSETCATALOG_COMPILER_APPICON_NAME = AppIcon;
				CODE_SIGN_STYLE = Automatic;
				DEVELOPMENT_ASSET_PATHS = "\"MyProjects/Preview Content\"";
				DEVELOPMENT_TEAM = 64LWD834U3;
				ENABLE_PREVIEWS = YES;
				INFOPLIST_FILE = MyProjects/Info.plist;
				LD_RUNPATH_SEARCH_PATHS = (
					"$(inherited)",
					"@executable_path/Frameworks",
				);
				PRODUCT_BUNDLE_IDENTIFIER = com.firot.MyProjects;
				PRODUCT_NAME = "$(TARGET_NAME)";
				SWIFT_VERSION = 5.0;
				TARGETED_DEVICE_FAMILY = "1,2";
			};
			name = Release;
		};
/* End XCBuildConfiguration section */

/* Begin XCConfigurationList section */
		76FD619D23B929AE00D21B21 /* Build configuration list for PBXProject "MyProjects" */ = {
			isa = XCConfigurationList;
			buildConfigurations = (
				76FD61B723B929AE00D21B21 /* Debug */,
				76FD61B823B929AE00D21B21 /* Release */,
			);
			defaultConfigurationIsVisible = 0;
			defaultConfigurationName = Release;
		};
		76FD61B923B929AE00D21B21 /* Build configuration list for PBXNativeTarget "MyProjects" */ = {
			isa = XCConfigurationList;
			buildConfigurations = (
				76FD61BA23B929AE00D21B21 /* Debug */,
				76FD61BB23B929AE00D21B21 /* Release */,
			);
			defaultConfigurationIsVisible = 0;
			defaultConfigurationName = Release;
		};
/* End XCConfigurationList section */

/* Begin XCVersionGroup section */
		76FD61A923B929AE00D21B21 /* MyProjects.xcdatamodeld */ = {
			isa = XCVersionGroup;
			children = (
				76FD61AA23B929AE00D21B21 /* MyProjects.xcdatamodel */,
			);
			currentVersion = 76FD61AA23B929AE00D21B21 /* MyProjects.xcdatamodel */;
			path = MyProjects.xcdatamodeld;
			sourceTree = "<group>";
			versionGroupType = wrapper.xcdatamodel;
		};
/* End XCVersionGroup section */
	};
	rootObject = 76FD619A23B929AE00D21B21 /* Project object */;
}
