// !$*UTF8*$!
{
	archiveVersion = 1;
	classes = {
	};
	objectVersion = 50;
	objects = {

/* Begin PBXBuildFile section */
		76038F6F23D521FF0021260D /* ConfigureDailyView.swift in Sources */ = {isa = PBXBuildFile; fileRef = 76038F6E23D521FF0021260D /* ConfigureDailyView.swift */; };
		76038F7123D522510021260D /* ConfigureHourlyView.swift in Sources */ = {isa = PBXBuildFile; fileRef = 76038F7023D522510021260D /* ConfigureHourlyView.swift */; };
		76068E6123C3CF7B008E53C4 /* ModalTitle.swift in Sources */ = {isa = PBXBuildFile; fileRef = 76068E6023C3CF7B008E53C4 /* ModalTitle.swift */; };
		7614E90823D754C6004CA385 /* Date+Between.swift in Sources */ = {isa = PBXBuildFile; fileRef = 7614E90723D754C6004CA385 /* Date+Between.swift */; };
		7614E90A23D7B102004CA385 /* Date+AddTime.swift in Sources */ = {isa = PBXBuildFile; fileRef = 7614E90923D7B102004CA385 /* Date+AddTime.swift */; };
		7619856023DA1CD3000197FC /* NSManagedObjectContext+deleteWithChilds.swift in Sources */ = {isa = PBXBuildFile; fileRef = 7619855F23DA1CD3000197FC /* NSManagedObjectContext+deleteWithChilds.swift */; };
		761F244023C1667C008AA2B7 /* MProject+CoreDataClass.swift in Sources */ = {isa = PBXBuildFile; fileRef = 761F243E23C1667C008AA2B7 /* MProject+CoreDataClass.swift */; };
		761F244123C1667C008AA2B7 /* MProject+CoreDataProperties.swift in Sources */ = {isa = PBXBuildFile; fileRef = 761F243F23C1667C008AA2B7 /* MProject+CoreDataProperties.swift */; };
		761F244423C16EFD008AA2B7 /* MProject+CreateOrSync.swift in Sources */ = {isa = PBXBuildFile; fileRef = 761F244323C16EFD008AA2B7 /* MProject+CreateOrSync.swift */; };
		7621991723CBCA8F004B6541 /* MObjectStatePicker.swift in Sources */ = {isa = PBXBuildFile; fileRef = 7621991623CBCA8F004B6541 /* MObjectStatePicker.swift */; };
		7621991923CBCD86004B6541 /* CellImageView.swift in Sources */ = {isa = PBXBuildFile; fileRef = 7621991823CBCD86004B6541 /* CellImageView.swift */; };
		7621991B23CBD50A004B6541 /* AddStepView.swift in Sources */ = {isa = PBXBuildFile; fileRef = 7621991A23CBD50A004B6541 /* AddStepView.swift */; };
		7621991D23CBD6A3004B6541 /* MStep+Status.swift in Sources */ = {isa = PBXBuildFile; fileRef = 7621991C23CBD6A3004B6541 /* MStep+Status.swift */; };
		7623EEF923D2102D007B1B0D /* TopWarningView.swift in Sources */ = {isa = PBXBuildFile; fileRef = 7623EEF823D2102D007B1B0D /* TopWarningView.swift */; };
		7625E11423C4E5F700F81CCA /* MObject.swift in Sources */ = {isa = PBXBuildFile; fileRef = 7625E11323C4E5F700F81CCA /* MObject.swift */; };
		7625E11723C4F6E000F81CCA /* AddMObjectViewModel.swift in Sources */ = {isa = PBXBuildFile; fileRef = 7625E11623C4F6E000F81CCA /* AddMObjectViewModel.swift */; };
		7625E11B23C5063400F81CCA /* AddMObjectView.swift in Sources */ = {isa = PBXBuildFile; fileRef = 7625E11A23C5063400F81CCA /* AddMObjectView.swift */; };
		7625E11D23C5239900F81CCA /* Keyboard.swift in Sources */ = {isa = PBXBuildFile; fileRef = 7625E11C23C5239900F81CCA /* Keyboard.swift */; };
		762E557623DB29D800CB1521 /* SelectTaskRepeatModeView.swift in Sources */ = {isa = PBXBuildFile; fileRef = 762E557523DB29D800CB1521 /* SelectTaskRepeatModeView.swift */; };
		762F74E723D4E47D0016CC94 /* ConfigureMonthlyView.swift in Sources */ = {isa = PBXBuildFile; fileRef = 762F74E623D4E47D0016CC94 /* ConfigureMonthlyView.swift */; };
		762F74E923D4E4A90016CC94 /* ConfigureWeeklyView.swift in Sources */ = {isa = PBXBuildFile; fileRef = 762F74E823D4E4A90016CC94 /* ConfigureWeeklyView.swift */; };
		764AA30C23C2816600F581BA /* String+Capitalizer.swift in Sources */ = {isa = PBXBuildFile; fileRef = 764AA30B23C2816600F581BA /* String+Capitalizer.swift */; };
		764AA31023C29F6A00F581BA /* FilteredList.swift in Sources */ = {isa = PBXBuildFile; fileRef = 764AA30F23C29F6A00F581BA /* FilteredList.swift */; };
		764F94C423D3341C008C0D09 /* RepeatModePicker.swift in Sources */ = {isa = PBXBuildFile; fileRef = 764F94C323D3341C008C0D09 /* RepeatModePicker.swift */; };
		764F94C723D3381E008C0D09 /* AddNotificationView.swift in Sources */ = {isa = PBXBuildFile; fileRef = 764F94C623D3381E008C0D09 /* AddNotificationView.swift */; };
		764F94C923D3382E008C0D09 /* AddNotificationViewModel.swift in Sources */ = {isa = PBXBuildFile; fileRef = 764F94C823D3382E008C0D09 /* AddNotificationViewModel.swift */; };
		764F94CC23D33865008C0D09 /* ConfigureRepeatModeView.swift in Sources */ = {isa = PBXBuildFile; fileRef = 764F94CB23D33865008C0D09 /* ConfigureRepeatModeView.swift */; };
		764F94CE23D33881008C0D09 /* ConfigureRepeatModeViewModel.swift in Sources */ = {isa = PBXBuildFile; fileRef = 764F94CD23D33881008C0D09 /* ConfigureRepeatModeViewModel.swift */; };
		764F94D023D34EF2008C0D09 /* DateTimePicker.swift in Sources */ = {isa = PBXBuildFile; fileRef = 764F94CF23D34EF2008C0D09 /* DateTimePicker.swift */; };
		765BA58623C2313E007F835D /* Date+ToString.swift in Sources */ = {isa = PBXBuildFile; fileRef = 765BA58523C2313E007F835D /* Date+ToString.swift */; };
		765BA58823C236E5007F835D /* String+EmptyHolder.swift in Sources */ = {isa = PBXBuildFile; fileRef = 765BA58723C236E5007F835D /* String+EmptyHolder.swift */; };
		766FE81223D0BE3D0055180B /* MNotification+CoreDataClass.swift in Sources */ = {isa = PBXBuildFile; fileRef = 766FE81023D0BE3D0055180B /* MNotification+CoreDataClass.swift */; };
		766FE81323D0BE3D0055180B /* MNotification+CoreDataProperties.swift in Sources */ = {isa = PBXBuildFile; fileRef = 766FE81123D0BE3D0055180B /* MNotification+CoreDataProperties.swift */; };
		766FE81623D0C82B0055180B /* MNotification+Create.swift in Sources */ = {isa = PBXBuildFile; fileRef = 766FE81523D0C82B0055180B /* MNotification+Create.swift */; };
		7671A36023CE718200EF714F /* MObjectNavigationButtons.swift in Sources */ = {isa = PBXBuildFile; fileRef = 7671A35F23CE718200EF714F /* MObjectNavigationButtons.swift */; };
		7673533823CA1065002C1194 /* MTask+ChangeState.swift in Sources */ = {isa = PBXBuildFile; fileRef = 7673533723CA1065002C1194 /* MTask+ChangeState.swift */; };
		7673533A23CA11F1002C1194 /* MStep+Create.swift in Sources */ = {isa = PBXBuildFile; fileRef = 7673533923CA11F1002C1194 /* MStep+Create.swift */; };
		7673533C23CA52F1002C1194 /* StepsView.swift in Sources */ = {isa = PBXBuildFile; fileRef = 7673533B23CA52F1002C1194 /* StepsView.swift */; };
		7673533E23CA6B93002C1194 /* StepCellView.swift in Sources */ = {isa = PBXBuildFile; fileRef = 7673533D23CA6B93002C1194 /* StepCellView.swift */; };
		7673534023CA6BA1002C1194 /* StepCellViewModel.swift in Sources */ = {isa = PBXBuildFile; fileRef = 7673533F23CA6BA1002C1194 /* StepCellViewModel.swift */; };
		7681B67E23C383DA0068254B /* MTask+CoreDataClass.swift in Sources */ = {isa = PBXBuildFile; fileRef = 7681B67C23C383DA0068254B /* MTask+CoreDataClass.swift */; };
		7681B67F23C383DA0068254B /* MTask+CoreDataProperties.swift in Sources */ = {isa = PBXBuildFile; fileRef = 7681B67D23C383DA0068254B /* MTask+CoreDataProperties.swift */; };
		7681B68823C3B3360068254B /* MTask+CreateOrSync.swift in Sources */ = {isa = PBXBuildFile; fileRef = 7681B68723C3B3360068254B /* MTask+CreateOrSync.swift */; };
		76895C5523C67FA600867607 /* NotesView.swift in Sources */ = {isa = PBXBuildFile; fileRef = 76895C5423C67FA600867607 /* NotesView.swift */; };
		768A23E123C8C8DD00AE8B83 /* MStep+CoreDataClass.swift in Sources */ = {isa = PBXBuildFile; fileRef = 768A23D823C8C7BE00AE8B83 /* MStep+CoreDataClass.swift */; };
		768A23E223C8C8E000AE8B83 /* MStep+CoreDataProperties.swift in Sources */ = {isa = PBXBuildFile; fileRef = 768A23D923C8C7BE00AE8B83 /* MStep+CoreDataProperties.swift */; };
		768A23EA23C8FB1900AE8B83 /* CheckmarkButton.swift in Sources */ = {isa = PBXBuildFile; fileRef = 768A23E923C8FB1900AE8B83 /* CheckmarkButton.swift */; };
		7694098F23D5EE8C00E40B95 /* NotificationsView.swift in Sources */ = {isa = PBXBuildFile; fileRef = 7694098E23D5EE8C00E40B95 /* NotificationsView.swift */; };
		7694099123D5EE9800E40B95 /* NotificationsViewModel.swift in Sources */ = {isa = PBXBuildFile; fileRef = 7694099023D5EE9800E40B95 /* NotificationsViewModel.swift */; };
		7694099B23D61FCC00E40B95 /* MObject+SyncNotifications.swift in Sources */ = {isa = PBXBuildFile; fileRef = 7694099A23D61FCC00E40B95 /* MObject+SyncNotifications.swift */; };
		76D2ADE823D65F9D009FFD5E /* HasRepeatMode.swift in Sources */ = {isa = PBXBuildFile; fileRef = 76D2ADE723D65F9D009FFD5E /* HasRepeatMode.swift */; };
		76D802F323C941E70088556A /* String+NoNewline.swift in Sources */ = {isa = PBXBuildFile; fileRef = 76D802F223C941E70088556A /* String+NoNewline.swift */; };
		76DC6B1A23CCD33A009EABE9 /* KeyboardDoneButton.swift in Sources */ = {isa = PBXBuildFile; fileRef = 76DC6B1923CCD33A009EABE9 /* KeyboardDoneButton.swift */; };
		76E0A08D23D3D9C000E0B06C /* Date+Remeans.swift in Sources */ = {isa = PBXBuildFile; fileRef = 76E0A08C23D3D9C000E0B06C /* Date+Remeans.swift */; };
		76E53C3B23D9063C0084EC1A /* Date+NowWithZero.swift in Sources */ = {isa = PBXBuildFile; fileRef = 76E53C3A23D9063C0084EC1A /* Date+NowWithZero.swift */; };
		76ED808423C62F580042D36D /* PlaceholderView.swift in Sources */ = {isa = PBXBuildFile; fileRef = 76ED808323C62F580042D36D /* PlaceholderView.swift */; };
		76ED808623C648F70042D36D /* TextView.swift in Sources */ = {isa = PBXBuildFile; fileRef = 76ED808523C648F70042D36D /* TextView.swift */; };
		76ED8D0023D487320035A0A3 /* MultiSelectorGridView.swift in Sources */ = {isa = PBXBuildFile; fileRef = 76ED8CFF23D487320035A0A3 /* MultiSelectorGridView.swift */; };
		76EF17C023BCE0AA00C1CD11 /* TasksView.swift in Sources */ = {isa = PBXBuildFile; fileRef = 76EF17BF23BCE0AA00C1CD11 /* TasksView.swift */; };
		76EF17C223BCE0B600C1CD11 /* TasksViewModel.swift in Sources */ = {isa = PBXBuildFile; fileRef = 76EF17C123BCE0B600C1CD11 /* TasksViewModel.swift */; };
		76EF17C523BCE16200C1CD11 /* AddTaskView.swift in Sources */ = {isa = PBXBuildFile; fileRef = 76EF17C423BCE16200C1CD11 /* AddTaskView.swift */; };
		76EF17C723BCE17400C1CD11 /* AddTaskViewModel.swift in Sources */ = {isa = PBXBuildFile; fileRef = 76EF17C623BCE17400C1CD11 /* AddTaskViewModel.swift */; };
		76EF17C923BCE1AF00C1CD11 /* AddProjectViewModel.swift in Sources */ = {isa = PBXBuildFile; fileRef = 76EF17C823BCE1AF00C1CD11 /* AddProjectViewModel.swift */; };
		76F06B6123DA3E39002CE0E3 /* CircularProgressBarView.swift in Sources */ = {isa = PBXBuildFile; fileRef = 76F06B6023DA3E39002CE0E3 /* CircularProgressBarView.swift */; };
		76F06B6423DA51D2002CE0E3 /* ProjectCellView.swift in Sources */ = {isa = PBXBuildFile; fileRef = 76F06B6323DA51D2002CE0E3 /* ProjectCellView.swift */; };
		76FD61A623B929AE00D21B21 /* AppDelegate.swift in Sources */ = {isa = PBXBuildFile; fileRef = 76FD61A523B929AE00D21B21 /* AppDelegate.swift */; };
		76FD61A823B929AE00D21B21 /* SceneDelegate.swift in Sources */ = {isa = PBXBuildFile; fileRef = 76FD61A723B929AE00D21B21 /* SceneDelegate.swift */; };
		76FD61AB23B929AE00D21B21 /* MyProjects.xcdatamodeld in Sources */ = {isa = PBXBuildFile; fileRef = 76FD61A923B929AE00D21B21 /* MyProjects.xcdatamodeld */; };
		76FD61AD23B929AE00D21B21 /* ContentView.swift in Sources */ = {isa = PBXBuildFile; fileRef = 76FD61AC23B929AE00D21B21 /* ContentView.swift */; };
		76FD61AF23B929AE00D21B21 /* Assets.xcassets in Resources */ = {isa = PBXBuildFile; fileRef = 76FD61AE23B929AE00D21B21 /* Assets.xcassets */; };
		76FD61B223B929AE00D21B21 /* Preview Assets.xcassets in Resources */ = {isa = PBXBuildFile; fileRef = 76FD61B123B929AE00D21B21 /* Preview Assets.xcassets */; };
		76FD61B523B929AE00D21B21 /* LaunchScreen.storyboard in Resources */ = {isa = PBXBuildFile; fileRef = 76FD61B323B929AE00D21B21 /* LaunchScreen.storyboard */; };
		76FD61BF23B92A5C00D21B21 /* SettingsView.swift in Sources */ = {isa = PBXBuildFile; fileRef = 76FD61BE23B92A5C00D21B21 /* SettingsView.swift */; };
		76FD61C123B92B3D00D21B21 /* SettingsViewModel.swift in Sources */ = {isa = PBXBuildFile; fileRef = 76FD61C023B92B3D00D21B21 /* SettingsViewModel.swift */; };
		76FD61C523B92BCC00D21B21 /* ProjectsView.swift in Sources */ = {isa = PBXBuildFile; fileRef = 76FD61C423B92BCC00D21B21 /* ProjectsView.swift */; };
		76FD61C723B92BDF00D21B21 /* ProjectsViewModel.swift in Sources */ = {isa = PBXBuildFile; fileRef = 76FD61C623B92BDF00D21B21 /* ProjectsViewModel.swift */; };
		76FD61C923B92C4D00D21B21 /* HoveringButton.swift in Sources */ = {isa = PBXBuildFile; fileRef = 76FD61C823B92C4D00D21B21 /* HoveringButton.swift */; };
		76FD61CC23B9335100D21B21 /* AddProjectView.swift in Sources */ = {isa = PBXBuildFile; fileRef = 76FD61CB23B9335100D21B21 /* AddProjectView.swift */; };
		76FDE0D923CE0BCA00E3EEA2 /* Haptics.swift in Sources */ = {isa = PBXBuildFile; fileRef = 76FDE0D823CE0BCA00E3EEA2 /* Haptics.swift */; };
		76FDE0DB23CE1C5A00E3EEA2 /* DismissGuardian.swift in Sources */ = {isa = PBXBuildFile; fileRef = 76FDE0DA23CE1C5A00E3EEA2 /* DismissGuardian.swift */; };
		76FDE0DD23CE422500E3EEA2 /* MObject+SetMutualFields.swift in Sources */ = {isa = PBXBuildFile; fileRef = 76FDE0DC23CE422500E3EEA2 /* MObject+SetMutualFields.swift */; };
		76FDE0E023CE425C00E3EEA2 /* MObject+Notifications.swift in Sources */ = {isa = PBXBuildFile; fileRef = 76FDE0DF23CE425C00E3EEA2 /* MObject+Notifications.swift */; };
		76FEB7EC23DC92770028DBA0 /* DataManager.swift in Sources */ = {isa = PBXBuildFile; fileRef = 76FEB7EB23DC92770028DBA0 /* DataManager.swift */; };
		76FEB7F023DC99EE0028DBA0 /* MObject+Update.swift in Sources */ = {isa = PBXBuildFile; fileRef = 76FEB7EF23DC99EE0028DBA0 /* MObject+Update.swift */; };
		76FEB7F223DCA8D70028DBA0 /* LocalNotifications.swift in Sources */ = {isa = PBXBuildFile; fileRef = 76FEB7F123DCA8D70028DBA0 /* LocalNotifications.swift */; };
		76FEB7F423DCE6580028DBA0 /* MTask+Clone.swift in Sources */ = {isa = PBXBuildFile; fileRef = 76FEB7F323DCE6580028DBA0 /* MTask+Clone.swift */; };
/* End PBXBuildFile section */

/* Begin PBXFileReference section */
		76038F6E23D521FF0021260D /* ConfigureDailyView.swift */ = {isa = PBXFileReference; lastKnownFileType = sourcecode.swift; path = ConfigureDailyView.swift; sourceTree = "<group>"; };
		76038F7023D522510021260D /* ConfigureHourlyView.swift */ = {isa = PBXFileReference; lastKnownFileType = sourcecode.swift; path = ConfigureHourlyView.swift; sourceTree = "<group>"; };
		76068E6023C3CF7B008E53C4 /* ModalTitle.swift */ = {isa = PBXFileReference; lastKnownFileType = sourcecode.swift; path = ModalTitle.swift; sourceTree = "<group>"; };
		7614E90723D754C6004CA385 /* Date+Between.swift */ = {isa = PBXFileReference; lastKnownFileType = sourcecode.swift; path = "Date+Between.swift"; sourceTree = "<group>"; };
		7614E90923D7B102004CA385 /* Date+AddTime.swift */ = {isa = PBXFileReference; lastKnownFileType = sourcecode.swift; path = "Date+AddTime.swift"; sourceTree = "<group>"; };
		7619855F23DA1CD3000197FC /* NSManagedObjectContext+deleteWithChilds.swift */ = {isa = PBXFileReference; lastKnownFileType = sourcecode.swift; path = "NSManagedObjectContext+deleteWithChilds.swift"; sourceTree = "<group>"; };
		761F243E23C1667C008AA2B7 /* MProject+CoreDataClass.swift */ = {isa = PBXFileReference; lastKnownFileType = sourcecode.swift; path = "MProject+CoreDataClass.swift"; sourceTree = "<group>"; };
		761F243F23C1667C008AA2B7 /* MProject+CoreDataProperties.swift */ = {isa = PBXFileReference; lastKnownFileType = sourcecode.swift; path = "MProject+CoreDataProperties.swift"; sourceTree = "<group>"; };
		761F244323C16EFD008AA2B7 /* MProject+CreateOrSync.swift */ = {isa = PBXFileReference; lastKnownFileType = sourcecode.swift; path = "MProject+CreateOrSync.swift"; sourceTree = "<group>"; };
		7621991623CBCA8F004B6541 /* MObjectStatePicker.swift */ = {isa = PBXFileReference; lastKnownFileType = sourcecode.swift; path = MObjectStatePicker.swift; sourceTree = "<group>"; };
		7621991823CBCD86004B6541 /* CellImageView.swift */ = {isa = PBXFileReference; lastKnownFileType = sourcecode.swift; path = CellImageView.swift; sourceTree = "<group>"; };
		7621991A23CBD50A004B6541 /* AddStepView.swift */ = {isa = PBXFileReference; lastKnownFileType = sourcecode.swift; path = AddStepView.swift; sourceTree = "<group>"; };
		7621991C23CBD6A3004B6541 /* MStep+Status.swift */ = {isa = PBXFileReference; lastKnownFileType = sourcecode.swift; path = "MStep+Status.swift"; sourceTree = "<group>"; };
		7623EEF823D2102D007B1B0D /* TopWarningView.swift */ = {isa = PBXFileReference; lastKnownFileType = sourcecode.swift; path = TopWarningView.swift; sourceTree = "<group>"; };
		7625E11323C4E5F700F81CCA /* MObject.swift */ = {isa = PBXFileReference; lastKnownFileType = sourcecode.swift; path = MObject.swift; sourceTree = "<group>"; };
		7625E11623C4F6E000F81CCA /* AddMObjectViewModel.swift */ = {isa = PBXFileReference; lastKnownFileType = sourcecode.swift; path = AddMObjectViewModel.swift; sourceTree = "<group>"; };
		7625E11A23C5063400F81CCA /* AddMObjectView.swift */ = {isa = PBXFileReference; lastKnownFileType = sourcecode.swift; path = AddMObjectView.swift; sourceTree = "<group>"; };
		7625E11C23C5239900F81CCA /* Keyboard.swift */ = {isa = PBXFileReference; lastKnownFileType = sourcecode.swift; path = Keyboard.swift; sourceTree = "<group>"; };
		762AE7B623DDC52500594A69 /* MyProjects.entitlements */ = {isa = PBXFileReference; lastKnownFileType = text.plist.entitlements; path = MyProjects.entitlements; sourceTree = "<group>"; };
		762E557523DB29D800CB1521 /* SelectTaskRepeatModeView.swift */ = {isa = PBXFileReference; lastKnownFileType = sourcecode.swift; path = SelectTaskRepeatModeView.swift; sourceTree = "<group>"; };
		762F74E623D4E47D0016CC94 /* ConfigureMonthlyView.swift */ = {isa = PBXFileReference; lastKnownFileType = sourcecode.swift; path = ConfigureMonthlyView.swift; sourceTree = "<group>"; };
		762F74E823D4E4A90016CC94 /* ConfigureWeeklyView.swift */ = {isa = PBXFileReference; lastKnownFileType = sourcecode.swift; path = ConfigureWeeklyView.swift; sourceTree = "<group>"; };
		764AA30B23C2816600F581BA /* String+Capitalizer.swift */ = {isa = PBXFileReference; lastKnownFileType = sourcecode.swift; path = "String+Capitalizer.swift"; sourceTree = "<group>"; };
		764AA30F23C29F6A00F581BA /* FilteredList.swift */ = {isa = PBXFileReference; lastKnownFileType = sourcecode.swift; path = FilteredList.swift; sourceTree = "<group>"; };
		764F94C323D3341C008C0D09 /* RepeatModePicker.swift */ = {isa = PBXFileReference; lastKnownFileType = sourcecode.swift; path = RepeatModePicker.swift; sourceTree = "<group>"; };
		764F94C623D3381E008C0D09 /* AddNotificationView.swift */ = {isa = PBXFileReference; lastKnownFileType = sourcecode.swift; path = AddNotificationView.swift; sourceTree = "<group>"; };
		764F94C823D3382E008C0D09 /* AddNotificationViewModel.swift */ = {isa = PBXFileReference; lastKnownFileType = sourcecode.swift; path = AddNotificationViewModel.swift; sourceTree = "<group>"; };
		764F94CB23D33865008C0D09 /* ConfigureRepeatModeView.swift */ = {isa = PBXFileReference; lastKnownFileType = sourcecode.swift; path = ConfigureRepeatModeView.swift; sourceTree = "<group>"; };
		764F94CD23D33881008C0D09 /* ConfigureRepeatModeViewModel.swift */ = {isa = PBXFileReference; lastKnownFileType = sourcecode.swift; path = ConfigureRepeatModeViewModel.swift; sourceTree = "<group>"; };
		764F94CF23D34EF2008C0D09 /* DateTimePicker.swift */ = {isa = PBXFileReference; lastKnownFileType = sourcecode.swift; path = DateTimePicker.swift; sourceTree = "<group>"; };
		765BA58523C2313E007F835D /* Date+ToString.swift */ = {isa = PBXFileReference; lastKnownFileType = sourcecode.swift; path = "Date+ToString.swift"; sourceTree = "<group>"; };
		765BA58723C236E5007F835D /* String+EmptyHolder.swift */ = {isa = PBXFileReference; lastKnownFileType = sourcecode.swift; path = "String+EmptyHolder.swift"; sourceTree = "<group>"; };
		766FE81023D0BE3D0055180B /* MNotification+CoreDataClass.swift */ = {isa = PBXFileReference; lastKnownFileType = sourcecode.swift; path = "MNotification+CoreDataClass.swift"; sourceTree = "<group>"; };
		766FE81123D0BE3D0055180B /* MNotification+CoreDataProperties.swift */ = {isa = PBXFileReference; lastKnownFileType = sourcecode.swift; path = "MNotification+CoreDataProperties.swift"; sourceTree = "<group>"; };
		766FE81523D0C82B0055180B /* MNotification+Create.swift */ = {isa = PBXFileReference; lastKnownFileType = sourcecode.swift; path = "MNotification+Create.swift"; sourceTree = "<group>"; };
		7671A35F23CE718200EF714F /* MObjectNavigationButtons.swift */ = {isa = PBXFileReference; lastKnownFileType = sourcecode.swift; path = MObjectNavigationButtons.swift; sourceTree = "<group>"; };
		7673533723CA1065002C1194 /* MTask+ChangeState.swift */ = {isa = PBXFileReference; lastKnownFileType = sourcecode.swift; path = "MTask+ChangeState.swift"; sourceTree = "<group>"; };
		7673533923CA11F1002C1194 /* MStep+Create.swift */ = {isa = PBXFileReference; lastKnownFileType = sourcecode.swift; path = "MStep+Create.swift"; sourceTree = "<group>"; };
		7673533B23CA52F1002C1194 /* StepsView.swift */ = {isa = PBXFileReference; lastKnownFileType = sourcecode.swift; path = StepsView.swift; sourceTree = "<group>"; };
		7673533D23CA6B93002C1194 /* StepCellView.swift */ = {isa = PBXFileReference; lastKnownFileType = sourcecode.swift; path = StepCellView.swift; sourceTree = "<group>"; };
		7673533F23CA6BA1002C1194 /* StepCellViewModel.swift */ = {isa = PBXFileReference; lastKnownFileType = sourcecode.swift; path = StepCellViewModel.swift; sourceTree = "<group>"; };
		7681B67C23C383DA0068254B /* MTask+CoreDataClass.swift */ = {isa = PBXFileReference; lastKnownFileType = sourcecode.swift; path = "MTask+CoreDataClass.swift"; sourceTree = "<group>"; };
		7681B67D23C383DA0068254B /* MTask+CoreDataProperties.swift */ = {isa = PBXFileReference; lastKnownFileType = sourcecode.swift; path = "MTask+CoreDataProperties.swift"; sourceTree = "<group>"; };
		7681B68723C3B3360068254B /* MTask+CreateOrSync.swift */ = {isa = PBXFileReference; lastKnownFileType = sourcecode.swift; path = "MTask+CreateOrSync.swift"; sourceTree = "<group>"; };
		76895C5423C67FA600867607 /* NotesView.swift */ = {isa = PBXFileReference; lastKnownFileType = sourcecode.swift; path = NotesView.swift; sourceTree = "<group>"; };
		768A23D823C8C7BE00AE8B83 /* MStep+CoreDataClass.swift */ = {isa = PBXFileReference; lastKnownFileType = sourcecode.swift; path = "MStep+CoreDataClass.swift"; sourceTree = "<group>"; };
		768A23D923C8C7BE00AE8B83 /* MStep+CoreDataProperties.swift */ = {isa = PBXFileReference; lastKnownFileType = sourcecode.swift; path = "MStep+CoreDataProperties.swift"; sourceTree = "<group>"; };
		768A23E923C8FB1900AE8B83 /* CheckmarkButton.swift */ = {isa = PBXFileReference; lastKnownFileType = sourcecode.swift; path = CheckmarkButton.swift; sourceTree = "<group>"; };
		7694098E23D5EE8C00E40B95 /* NotificationsView.swift */ = {isa = PBXFileReference; lastKnownFileType = sourcecode.swift; path = NotificationsView.swift; sourceTree = "<group>"; };
		7694099023D5EE9800E40B95 /* NotificationsViewModel.swift */ = {isa = PBXFileReference; lastKnownFileType = sourcecode.swift; path = NotificationsViewModel.swift; sourceTree = "<group>"; };
		7694099A23D61FCC00E40B95 /* MObject+SyncNotifications.swift */ = {isa = PBXFileReference; lastKnownFileType = sourcecode.swift; path = "MObject+SyncNotifications.swift"; sourceTree = "<group>"; };
		76D2ADE723D65F9D009FFD5E /* HasRepeatMode.swift */ = {isa = PBXFileReference; lastKnownFileType = sourcecode.swift; path = HasRepeatMode.swift; sourceTree = "<group>"; };
		76D802F223C941E70088556A /* String+NoNewline.swift */ = {isa = PBXFileReference; lastKnownFileType = sourcecode.swift; path = "String+NoNewline.swift"; sourceTree = "<group>"; };
		76DC6B1923CCD33A009EABE9 /* KeyboardDoneButton.swift */ = {isa = PBXFileReference; lastKnownFileType = sourcecode.swift; path = KeyboardDoneButton.swift; sourceTree = "<group>"; };
		76E0A08C23D3D9C000E0B06C /* Date+Remeans.swift */ = {isa = PBXFileReference; lastKnownFileType = sourcecode.swift; path = "Date+Remeans.swift"; sourceTree = "<group>"; };
		76E53C3A23D9063C0084EC1A /* Date+NowWithZero.swift */ = {isa = PBXFileReference; lastKnownFileType = sourcecode.swift; path = "Date+NowWithZero.swift"; sourceTree = "<group>"; };
		76ED808323C62F580042D36D /* PlaceholderView.swift */ = {isa = PBXFileReference; lastKnownFileType = sourcecode.swift; path = PlaceholderView.swift; sourceTree = "<group>"; };
		76ED808523C648F70042D36D /* TextView.swift */ = {isa = PBXFileReference; lastKnownFileType = sourcecode.swift; path = TextView.swift; sourceTree = "<group>"; };
		76ED8CFF23D487320035A0A3 /* MultiSelectorGridView.swift */ = {isa = PBXFileReference; lastKnownFileType = sourcecode.swift; path = MultiSelectorGridView.swift; sourceTree = "<group>"; };
		76EF17BF23BCE0AA00C1CD11 /* TasksView.swift */ = {isa = PBXFileReference; lastKnownFileType = sourcecode.swift; path = TasksView.swift; sourceTree = "<group>"; };
		76EF17C123BCE0B600C1CD11 /* TasksViewModel.swift */ = {isa = PBXFileReference; lastKnownFileType = sourcecode.swift; path = TasksViewModel.swift; sourceTree = "<group>"; };
		76EF17C423BCE16200C1CD11 /* AddTaskView.swift */ = {isa = PBXFileReference; lastKnownFileType = sourcecode.swift; path = AddTaskView.swift; sourceTree = "<group>"; };
		76EF17C623BCE17400C1CD11 /* AddTaskViewModel.swift */ = {isa = PBXFileReference; lastKnownFileType = sourcecode.swift; path = AddTaskViewModel.swift; sourceTree = "<group>"; };
		76EF17C823BCE1AF00C1CD11 /* AddProjectViewModel.swift */ = {isa = PBXFileReference; lastKnownFileType = sourcecode.swift; path = AddProjectViewModel.swift; sourceTree = "<group>"; };
		76F06B6023DA3E39002CE0E3 /* CircularProgressBarView.swift */ = {isa = PBXFileReference; lastKnownFileType = sourcecode.swift; path = CircularProgressBarView.swift; sourceTree = "<group>"; };
		76F06B6323DA51D2002CE0E3 /* ProjectCellView.swift */ = {isa = PBXFileReference; lastKnownFileType = sourcecode.swift; path = ProjectCellView.swift; sourceTree = "<group>"; };
		76FD61A223B929AE00D21B21 /* MyProjects.app */ = {isa = PBXFileReference; explicitFileType = wrapper.application; includeInIndex = 0; path = MyProjects.app; sourceTree = BUILT_PRODUCTS_DIR; };
		76FD61A523B929AE00D21B21 /* AppDelegate.swift */ = {isa = PBXFileReference; lastKnownFileType = sourcecode.swift; path = AppDelegate.swift; sourceTree = "<group>"; };
		76FD61A723B929AE00D21B21 /* SceneDelegate.swift */ = {isa = PBXFileReference; lastKnownFileType = sourcecode.swift; path = SceneDelegate.swift; sourceTree = "<group>"; };
		76FD61AA23B929AE00D21B21 /* MyProjects.xcdatamodel */ = {isa = PBXFileReference; lastKnownFileType = wrapper.xcdatamodel; path = MyProjects.xcdatamodel; sourceTree = "<group>"; };
		76FD61AC23B929AE00D21B21 /* ContentView.swift */ = {isa = PBXFileReference; lastKnownFileType = sourcecode.swift; path = ContentView.swift; sourceTree = "<group>"; };
		76FD61AE23B929AE00D21B21 /* Assets.xcassets */ = {isa = PBXFileReference; lastKnownFileType = folder.assetcatalog; path = Assets.xcassets; sourceTree = "<group>"; };
		76FD61B123B929AE00D21B21 /* Preview Assets.xcassets */ = {isa = PBXFileReference; lastKnownFileType = folder.assetcatalog; path = "Preview Assets.xcassets"; sourceTree = "<group>"; };
		76FD61B423B929AE00D21B21 /* Base */ = {isa = PBXFileReference; lastKnownFileType = file.storyboard; name = Base; path = Base.lproj/LaunchScreen.storyboard; sourceTree = "<group>"; };
		76FD61B623B929AE00D21B21 /* Info.plist */ = {isa = PBXFileReference; lastKnownFileType = text.plist.xml; path = Info.plist; sourceTree = "<group>"; };
		76FD61BE23B92A5C00D21B21 /* SettingsView.swift */ = {isa = PBXFileReference; lastKnownFileType = sourcecode.swift; path = SettingsView.swift; sourceTree = "<group>"; };
		76FD61C023B92B3D00D21B21 /* SettingsViewModel.swift */ = {isa = PBXFileReference; lastKnownFileType = sourcecode.swift; path = SettingsViewModel.swift; sourceTree = "<group>"; };
		76FD61C423B92BCC00D21B21 /* ProjectsView.swift */ = {isa = PBXFileReference; lastKnownFileType = sourcecode.swift; path = ProjectsView.swift; sourceTree = "<group>"; };
		76FD61C623B92BDF00D21B21 /* ProjectsViewModel.swift */ = {isa = PBXFileReference; lastKnownFileType = sourcecode.swift; path = ProjectsViewModel.swift; sourceTree = "<group>"; };
		76FD61C823B92C4D00D21B21 /* HoveringButton.swift */ = {isa = PBXFileReference; lastKnownFileType = sourcecode.swift; path = HoveringButton.swift; sourceTree = "<group>"; };
		76FD61CB23B9335100D21B21 /* AddProjectView.swift */ = {isa = PBXFileReference; lastKnownFileType = sourcecode.swift; path = AddProjectView.swift; sourceTree = "<group>"; };
		76FDE0D823CE0BCA00E3EEA2 /* Haptics.swift */ = {isa = PBXFileReference; lastKnownFileType = sourcecode.swift; path = Haptics.swift; sourceTree = "<group>"; };
		76FDE0DA23CE1C5A00E3EEA2 /* DismissGuardian.swift */ = {isa = PBXFileReference; lastKnownFileType = sourcecode.swift; path = DismissGuardian.swift; sourceTree = "<group>"; };
		76FDE0DC23CE422500E3EEA2 /* MObject+SetMutualFields.swift */ = {isa = PBXFileReference; lastKnownFileType = sourcecode.swift; path = "MObject+SetMutualFields.swift"; sourceTree = "<group>"; };
		76FDE0DF23CE425C00E3EEA2 /* MObject+Notifications.swift */ = {isa = PBXFileReference; lastKnownFileType = sourcecode.swift; path = "MObject+Notifications.swift"; sourceTree = "<group>"; };
		76FEB7EB23DC92770028DBA0 /* DataManager.swift */ = {isa = PBXFileReference; lastKnownFileType = sourcecode.swift; path = DataManager.swift; sourceTree = "<group>"; };
		76FEB7EF23DC99EE0028DBA0 /* MObject+Update.swift */ = {isa = PBXFileReference; lastKnownFileType = sourcecode.swift; path = "MObject+Update.swift"; sourceTree = "<group>"; };
		76FEB7F123DCA8D70028DBA0 /* LocalNotifications.swift */ = {isa = PBXFileReference; lastKnownFileType = sourcecode.swift; path = LocalNotifications.swift; sourceTree = "<group>"; };
		76FEB7F323DCE6580028DBA0 /* MTask+Clone.swift */ = {isa = PBXFileReference; lastKnownFileType = sourcecode.swift; path = "MTask+Clone.swift"; sourceTree = "<group>"; };
/* End PBXFileReference section */

/* Begin PBXFrameworksBuildPhase section */
		76FD619F23B929AE00D21B21 /* Frameworks */ = {
			isa = PBXFrameworksBuildPhase;
			buildActionMask = 2147483647;
			files = (
			);
			runOnlyForDeploymentPostprocessing = 0;
		};
/* End PBXFrameworksBuildPhase section */

/* Begin PBXGroup section */
		761F243C23C15A4B008AA2B7 /* Models */ = {
			isa = PBXGroup;
			children = (
				76D2ADE723D65F9D009FFD5E /* HasRepeatMode.swift */,
				766FE81423D0BE430055180B /* MNotification */,
				76FDE0DE23CE422E00E3EEA2 /* MObject */,
				768A23E023C8C7FF00AE8B83 /* MStep */,
				7681B68023C383DF0068254B /* MTask */,
				761F244223C16E08008AA2B7 /* MProject */,
			);
			path = Models;
			sourceTree = "<group>";
		};
		761F244223C16E08008AA2B7 /* MProject */ = {
			isa = PBXGroup;
			children = (
				761F243F23C1667C008AA2B7 /* MProject+CoreDataProperties.swift */,
				761F243E23C1667C008AA2B7 /* MProject+CoreDataClass.swift */,
				761F244323C16EFD008AA2B7 /* MProject+CreateOrSync.swift */,
			);
			path = MProject;
			sourceTree = "<group>";
		};
		7625E11523C4F6C700F81CCA /* AddMObjectView */ = {
			isa = PBXGroup;
			children = (
				7694098D23D5EAEB00E40B95 /* Components */,
				7625E11623C4F6E000F81CCA /* AddMObjectViewModel.swift */,
				7625E11A23C5063400F81CCA /* AddMObjectView.swift */,
			);
			path = AddMObjectView;
			sourceTree = "<group>";
		};
		762F74E523D4E4610016CC94 /* Components */ = {
			isa = PBXGroup;
			children = (
				762F74E623D4E47D0016CC94 /* ConfigureMonthlyView.swift */,
				762F74E823D4E4A90016CC94 /* ConfigureWeeklyView.swift */,
				76038F6E23D521FF0021260D /* ConfigureDailyView.swift */,
				76038F7023D522510021260D /* ConfigureHourlyView.swift */,
			);
			path = Components;
			sourceTree = "<group>";
		};
		764F94C523D3380A008C0D09 /* AddNotificationView */ = {
			isa = PBXGroup;
			children = (
				764F94C623D3381E008C0D09 /* AddNotificationView.swift */,
				764F94C823D3382E008C0D09 /* AddNotificationViewModel.swift */,
			);
			path = AddNotificationView;
			sourceTree = "<group>";
		};
		764F94CA23D3384A008C0D09 /* ConfigureRepeatModeView */ = {
			isa = PBXGroup;
			children = (
				762F74E523D4E4610016CC94 /* Components */,
				764F94CB23D33865008C0D09 /* ConfigureRepeatModeView.swift */,
				764F94CD23D33881008C0D09 /* ConfigureRepeatModeViewModel.swift */,
			);
			path = ConfigureRepeatModeView;
			sourceTree = "<group>";
		};
		765BA58423C2312D007F835D /* Extensions */ = {
			isa = PBXGroup;
			children = (
				765BA58523C2313E007F835D /* Date+ToString.swift */,
				765BA58723C236E5007F835D /* String+EmptyHolder.swift */,
				764AA30B23C2816600F581BA /* String+Capitalizer.swift */,
				76D802F223C941E70088556A /* String+NoNewline.swift */,
				76E0A08C23D3D9C000E0B06C /* Date+Remeans.swift */,
				7614E90723D754C6004CA385 /* Date+Between.swift */,
				7614E90923D7B102004CA385 /* Date+AddTime.swift */,
				76E53C3A23D9063C0084EC1A /* Date+NowWithZero.swift */,
				7619855F23DA1CD3000197FC /* NSManagedObjectContext+deleteWithChilds.swift */,
			);
			path = Extensions;
			sourceTree = "<group>";
		};
		766FE81423D0BE430055180B /* MNotification */ = {
			isa = PBXGroup;
			children = (
				766FE81023D0BE3D0055180B /* MNotification+CoreDataClass.swift */,
				766FE81123D0BE3D0055180B /* MNotification+CoreDataProperties.swift */,
				766FE81523D0C82B0055180B /* MNotification+Create.swift */,
			);
			path = MNotification;
			sourceTree = "<group>";
		};
		7681B68023C383DF0068254B /* MTask */ = {
			isa = PBXGroup;
			children = (
				7681B67C23C383DA0068254B /* MTask+CoreDataClass.swift */,
				7681B67D23C383DA0068254B /* MTask+CoreDataProperties.swift */,
				7681B68723C3B3360068254B /* MTask+CreateOrSync.swift */,
				7673533723CA1065002C1194 /* MTask+ChangeState.swift */,
				76FEB7F323DCE6580028DBA0 /* MTask+Clone.swift */,
			);
			path = MTask;
			sourceTree = "<group>";
		};
		768A23E023C8C7FF00AE8B83 /* MStep */ = {
			isa = PBXGroup;
			children = (
				768A23D823C8C7BE00AE8B83 /* MStep+CoreDataClass.swift */,
				768A23D923C8C7BE00AE8B83 /* MStep+CoreDataProperties.swift */,
				7673533923CA11F1002C1194 /* MStep+Create.swift */,
				7621991C23CBD6A3004B6541 /* MStep+Status.swift */,
			);
			path = MStep;
			sourceTree = "<group>";
		};
		768A23E623C8CD3F00AE8B83 /* StepCell */ = {
			isa = PBXGroup;
			children = (
				7673533D23CA6B93002C1194 /* StepCellView.swift */,
				7673533F23CA6BA1002C1194 /* StepCellViewModel.swift */,
			);
			path = StepCell;
			sourceTree = "<group>";
		};
		7694098C23D5EAD300E40B95 /* Components */ = {
			isa = PBXGroup;
			children = (
				768A23E623C8CD3F00AE8B83 /* StepCell */,
				7673533B23CA52F1002C1194 /* StepsView.swift */,
				762E557523DB29D800CB1521 /* SelectTaskRepeatModeView.swift */,
			);
			path = Components;
			sourceTree = "<group>";
		};
		7694098D23D5EAEB00E40B95 /* Components */ = {
			isa = PBXGroup;
			children = (
				7694098E23D5EE8C00E40B95 /* NotificationsView.swift */,
				7694099023D5EE9800E40B95 /* NotificationsViewModel.swift */,
			);
			path = Components;
			sourceTree = "<group>";
		};
		76EF17BC23BCE07100C1CD11 /* Reusables */ = {
			isa = PBXGroup;
			children = (
				764F94CA23D3384A008C0D09 /* ConfigureRepeatModeView */,
				76EF17BD23BCE07900C1CD11 /* Buttons */,
				76ED808323C62F580042D36D /* PlaceholderView.swift */,
				76ED808523C648F70042D36D /* TextView.swift */,
				764AA30F23C29F6A00F581BA /* FilteredList.swift */,
				76068E6023C3CF7B008E53C4 /* ModalTitle.swift */,
				76895C5423C67FA600867607 /* NotesView.swift */,
				7621991623CBCA8F004B6541 /* MObjectStatePicker.swift */,
				7621991823CBCD86004B6541 /* CellImageView.swift */,
				7621991A23CBD50A004B6541 /* AddStepView.swift */,
				76DC6B1923CCD33A009EABE9 /* KeyboardDoneButton.swift */,
				76FDE0DA23CE1C5A00E3EEA2 /* DismissGuardian.swift */,
				7671A35F23CE718200EF714F /* MObjectNavigationButtons.swift */,
				7623EEF823D2102D007B1B0D /* TopWarningView.swift */,
				764F94C323D3341C008C0D09 /* RepeatModePicker.swift */,
				764F94CF23D34EF2008C0D09 /* DateTimePicker.swift */,
				76ED8CFF23D487320035A0A3 /* MultiSelectorGridView.swift */,
				76F06B6023DA3E39002CE0E3 /* CircularProgressBarView.swift */,
			);
			path = Reusables;
			sourceTree = "<group>";
		};
		76EF17BD23BCE07900C1CD11 /* Buttons */ = {
			isa = PBXGroup;
			children = (
				76FD61C823B92C4D00D21B21 /* HoveringButton.swift */,
				768A23E923C8FB1900AE8B83 /* CheckmarkButton.swift */,
			);
			path = Buttons;
			sourceTree = "<group>";
		};
		76EF17BE23BCE09000C1CD11 /* TasksView */ = {
			isa = PBXGroup;
			children = (
				76EF17BF23BCE0AA00C1CD11 /* TasksView.swift */,
				76EF17C123BCE0B600C1CD11 /* TasksViewModel.swift */,
			);
			path = TasksView;
			sourceTree = "<group>";
		};
		76EF17C323BCE14D00C1CD11 /* AddTaskView */ = {
			isa = PBXGroup;
			children = (
				7694098C23D5EAD300E40B95 /* Components */,
				76EF17C423BCE16200C1CD11 /* AddTaskView.swift */,
				76EF17C623BCE17400C1CD11 /* AddTaskViewModel.swift */,
			);
			path = AddTaskView;
			sourceTree = "<group>";
		};
		76F06B6223DA51AD002CE0E3 /* Components */ = {
			isa = PBXGroup;
			children = (
				76F06B6323DA51D2002CE0E3 /* ProjectCellView.swift */,
			);
			path = Components;
			sourceTree = "<group>";
		};
		76FD619923B929AE00D21B21 = {
			isa = PBXGroup;
			children = (
				76FD61A423B929AE00D21B21 /* MyProjects */,
				76FD61A323B929AE00D21B21 /* Products */,
			);
			sourceTree = "<group>";
		};
		76FD61A323B929AE00D21B21 /* Products */ = {
			isa = PBXGroup;
			children = (
				76FD61A223B929AE00D21B21 /* MyProjects.app */,
			);
			name = Products;
			sourceTree = "<group>";
		};
		76FD61A423B929AE00D21B21 /* MyProjects */ = {
			isa = PBXGroup;
			children = (
				762AE7B623DDC52500594A69 /* MyProjects.entitlements */,
				76FDE0D723CE0BBC00E3EEA2 /* Helpers */,
				765BA58423C2312D007F835D /* Extensions */,
				761F243C23C15A4B008AA2B7 /* Models */,
				76FD61BC23B929D900D21B21 /* Views */,
				76FD61A523B929AE00D21B21 /* AppDelegate.swift */,
				76FD61A723B929AE00D21B21 /* SceneDelegate.swift */,
				76FD61AC23B929AE00D21B21 /* ContentView.swift */,
				76FD61AE23B929AE00D21B21 /* Assets.xcassets */,
				76FD61B323B929AE00D21B21 /* LaunchScreen.storyboard */,
				76FD61A923B929AE00D21B21 /* MyProjects.xcdatamodeld */,
				76FD61B623B929AE00D21B21 /* Info.plist */,
				76FD61B023B929AE00D21B21 /* Preview Content */,
			);
			path = MyProjects;
			sourceTree = "<group>";
		};
		76FD61B023B929AE00D21B21 /* Preview Content */ = {
			isa = PBXGroup;
			children = (
				76FD61B123B929AE00D21B21 /* Preview Assets.xcassets */,
			);
			path = "Preview Content";
			sourceTree = "<group>";
		};
		76FD61BC23B929D900D21B21 /* Views */ = {
			isa = PBXGroup;
			children = (
				764F94C523D3380A008C0D09 /* AddNotificationView */,
				7625E11523C4F6C700F81CCA /* AddMObjectView */,
				76FD61CA23B9334300D21B21 /* AddProjectView */,
				76EF17C323BCE14D00C1CD11 /* AddTaskView */,
				76EF17BE23BCE09000C1CD11 /* TasksView */,
				76EF17BC23BCE07100C1CD11 /* Reusables */,
				76FD61C223B92BAE00D21B21 /* ProjectsView */,
				76FD61BD23B92A4A00D21B21 /* SettingsView */,
			);
			path = Views;
			sourceTree = "<group>";
		};
		76FD61BD23B92A4A00D21B21 /* SettingsView */ = {
			isa = PBXGroup;
			children = (
				76FD61BE23B92A5C00D21B21 /* SettingsView.swift */,
				76FD61C023B92B3D00D21B21 /* SettingsViewModel.swift */,
			);
			path = SettingsView;
			sourceTree = "<group>";
		};
		76FD61C223B92BAE00D21B21 /* ProjectsView */ = {
			isa = PBXGroup;
			children = (
				76F06B6223DA51AD002CE0E3 /* Components */,
				76FD61C423B92BCC00D21B21 /* ProjectsView.swift */,
				76FD61C623B92BDF00D21B21 /* ProjectsViewModel.swift */,
			);
			path = ProjectsView;
			sourceTree = "<group>";
		};
		76FD61CA23B9334300D21B21 /* AddProjectView */ = {
			isa = PBXGroup;
			children = (
				76FD61CB23B9335100D21B21 /* AddProjectView.swift */,
				76EF17C823BCE1AF00C1CD11 /* AddProjectViewModel.swift */,
			);
			path = AddProjectView;
			sourceTree = "<group>";
		};
		76FDE0D723CE0BBC00E3EEA2 /* Helpers */ = {
			isa = PBXGroup;
			children = (
				76FEB7EB23DC92770028DBA0 /* DataManager.swift */,
				76FDE0D823CE0BCA00E3EEA2 /* Haptics.swift */,
				7625E11C23C5239900F81CCA /* Keyboard.swift */,
				76FEB7F123DCA8D70028DBA0 /* LocalNotifications.swift */,
			);
			path = Helpers;
			sourceTree = "<group>";
		};
		76FDE0DE23CE422E00E3EEA2 /* MObject */ = {
			isa = PBXGroup;
			children = (
				7625E11323C4E5F700F81CCA /* MObject.swift */,
				76FDE0DC23CE422500E3EEA2 /* MObject+SetMutualFields.swift */,
				76FDE0DF23CE425C00E3EEA2 /* MObject+Notifications.swift */,
				7694099A23D61FCC00E40B95 /* MObject+SyncNotifications.swift */,
				76FEB7EF23DC99EE0028DBA0 /* MObject+Update.swift */,
			);
			path = MObject;
			sourceTree = "<group>";
		};
/* End PBXGroup section */

/* Begin PBXNativeTarget section */
		76FD61A123B929AE00D21B21 /* MyProjects */ = {
			isa = PBXNativeTarget;
			buildConfigurationList = 76FD61B923B929AE00D21B21 /* Build configuration list for PBXNativeTarget "MyProjects" */;
			buildPhases = (
				76FD619E23B929AE00D21B21 /* Sources */,
				76FD619F23B929AE00D21B21 /* Frameworks */,
				76FD61A023B929AE00D21B21 /* Resources */,
			);
			buildRules = (
			);
			dependencies = (
			);
			name = MyProjects;
			productName = MyProjects;
			productReference = 76FD61A223B929AE00D21B21 /* MyProjects.app */;
			productType = "com.apple.product-type.application";
		};
/* End PBXNativeTarget section */

/* Begin PBXProject section */
		76FD619A23B929AE00D21B21 /* Project object */ = {
			isa = PBXProject;
			attributes = {
				LastSwiftUpdateCheck = 1130;
				LastUpgradeCheck = 1130;
				ORGANIZATIONNAME = Firot;
				TargetAttributes = {
					76FD61A123B929AE00D21B21 = {
						CreatedOnToolsVersion = 11.3;
					};
				};
			};
			buildConfigurationList = 76FD619D23B929AE00D21B21 /* Build configuration list for PBXProject "MyProjects" */;
			compatibilityVersion = "Xcode 9.3";
			developmentRegion = en;
			hasScannedForEncodings = 0;
			knownRegions = (
				en,
				Base,
			);
			mainGroup = 76FD619923B929AE00D21B21;
			productRefGroup = 76FD61A323B929AE00D21B21 /* Products */;
			projectDirPath = "";
			projectRoot = "";
			targets = (
				76FD61A123B929AE00D21B21 /* MyProjects */,
			);
		};
/* End PBXProject section */

/* Begin PBXResourcesBuildPhase section */
		76FD61A023B929AE00D21B21 /* Resources */ = {
			isa = PBXResourcesBuildPhase;
			buildActionMask = 2147483647;
			files = (
				76FD61B523B929AE00D21B21 /* LaunchScreen.storyboard in Resources */,
				76FD61B223B929AE00D21B21 /* Preview Assets.xcassets in Resources */,
				76FD61AF23B929AE00D21B21 /* Assets.xcassets in Resources */,
			);
			runOnlyForDeploymentPostprocessing = 0;
		};
/* End PBXResourcesBuildPhase section */

/* Begin PBXSourcesBuildPhase section */
		76FD619E23B929AE00D21B21 /* Sources */ = {
			isa = PBXSourcesBuildPhase;
			buildActionMask = 2147483647;
			files = (
				7681B68823C3B3360068254B /* MTask+CreateOrSync.swift in Sources */,
				7625E11723C4F6E000F81CCA /* AddMObjectViewModel.swift in Sources */,
				76FD61CC23B9335100D21B21 /* AddProjectView.swift in Sources */,
				7673533C23CA52F1002C1194 /* StepsView.swift in Sources */,
				76E53C3B23D9063C0084EC1A /* Date+NowWithZero.swift in Sources */,
				762F74E923D4E4A90016CC94 /* ConfigureWeeklyView.swift in Sources */,
				76ED8D0023D487320035A0A3 /* MultiSelectorGridView.swift in Sources */,
				7619856023DA1CD3000197FC /* NSManagedObjectContext+deleteWithChilds.swift in Sources */,
				7621991B23CBD50A004B6541 /* AddStepView.swift in Sources */,
				7694099B23D61FCC00E40B95 /* MObject+SyncNotifications.swift in Sources */,
				762F74E723D4E47D0016CC94 /* ConfigureMonthlyView.swift in Sources */,
				7671A36023CE718200EF714F /* MObjectNavigationButtons.swift in Sources */,
				7681B67E23C383DA0068254B /* MTask+CoreDataClass.swift in Sources */,
				76DC6B1A23CCD33A009EABE9 /* KeyboardDoneButton.swift in Sources */,
				76FDE0DB23CE1C5A00E3EEA2 /* DismissGuardian.swift in Sources */,
				76EF17C223BCE0B600C1CD11 /* TasksViewModel.swift in Sources */,
				7621991923CBCD86004B6541 /* CellImageView.swift in Sources */,
				766FE81323D0BE3D0055180B /* MNotification+CoreDataProperties.swift in Sources */,
				76FDE0DD23CE422500E3EEA2 /* MObject+SetMutualFields.swift in Sources */,
				76038F7123D522510021260D /* ConfigureHourlyView.swift in Sources */,
				764F94C423D3341C008C0D09 /* RepeatModePicker.swift in Sources */,
				7623EEF923D2102D007B1B0D /* TopWarningView.swift in Sources */,
				7614E90A23D7B102004CA385 /* Date+AddTime.swift in Sources */,
				764AA31023C29F6A00F581BA /* FilteredList.swift in Sources */,
				76E0A08D23D3D9C000E0B06C /* Date+Remeans.swift in Sources */,
				76FD61C723B92BDF00D21B21 /* ProjectsViewModel.swift in Sources */,
				7673533E23CA6B93002C1194 /* StepCellView.swift in Sources */,
				7614E90823D754C6004CA385 /* Date+Between.swift in Sources */,
				764F94D023D34EF2008C0D09 /* DateTimePicker.swift in Sources */,
				76D2ADE823D65F9D009FFD5E /* HasRepeatMode.swift in Sources */,
				76068E6123C3CF7B008E53C4 /* ModalTitle.swift in Sources */,
				762E557623DB29D800CB1521 /* SelectTaskRepeatModeView.swift in Sources */,
				761F244123C1667C008AA2B7 /* MProject+CoreDataProperties.swift in Sources */,
				768A23E123C8C8DD00AE8B83 /* MStep+CoreDataClass.swift in Sources */,
				76EF17C723BCE17400C1CD11 /* AddTaskViewModel.swift in Sources */,
				7673534023CA6BA1002C1194 /* StepCellViewModel.swift in Sources */,
				76FD61BF23B92A5C00D21B21 /* SettingsView.swift in Sources */,
				76EF17C023BCE0AA00C1CD11 /* TasksView.swift in Sources */,
				768A23EA23C8FB1900AE8B83 /* CheckmarkButton.swift in Sources */,
				768A23E223C8C8E000AE8B83 /* MStep+CoreDataProperties.swift in Sources */,
				76ED808623C648F70042D36D /* TextView.swift in Sources */,
				76FD61A623B929AE00D21B21 /* AppDelegate.swift in Sources */,
				7694099123D5EE9800E40B95 /* NotificationsViewModel.swift in Sources */,
				7673533823CA1065002C1194 /* MTask+ChangeState.swift in Sources */,
				7625E11423C4E5F700F81CCA /* MObject.swift in Sources */,
				7625E11D23C5239900F81CCA /* Keyboard.swift in Sources */,
				7694098F23D5EE8C00E40B95 /* NotificationsView.swift in Sources */,
				76ED808423C62F580042D36D /* PlaceholderView.swift in Sources */,
				76FD61C523B92BCC00D21B21 /* ProjectsView.swift in Sources */,
				76F06B6423DA51D2002CE0E3 /* ProjectCellView.swift in Sources */,
				766FE81623D0C82B0055180B /* MNotification+Create.swift in Sources */,
				76FD61AB23B929AE00D21B21 /* MyProjects.xcdatamodeld in Sources */,
				764F94CC23D33865008C0D09 /* ConfigureRepeatModeView.swift in Sources */,
				764F94CE23D33881008C0D09 /* ConfigureRepeatModeViewModel.swift in Sources */,
				76FEB7F423DCE6580028DBA0 /* MTask+Clone.swift in Sources */,
				7621991723CBCA8F004B6541 /* MObjectStatePicker.swift in Sources */,
				76038F6F23D521FF0021260D /* ConfigureDailyView.swift in Sources */,
				764F94C923D3382E008C0D09 /* AddNotificationViewModel.swift in Sources */,
				765BA58623C2313E007F835D /* Date+ToString.swift in Sources */,
				766FE81223D0BE3D0055180B /* MNotification+CoreDataClass.swift in Sources */,
				76EF17C923BCE1AF00C1CD11 /* AddProjectViewModel.swift in Sources */,
				76FEB7F023DC99EE0028DBA0 /* MObject+Update.swift in Sources */,
				761F244423C16EFD008AA2B7 /* MProject+CreateOrSync.swift in Sources */,
				76FD61AD23B929AE00D21B21 /* ContentView.swift in Sources */,
				76FEB7EC23DC92770028DBA0 /* DataManager.swift in Sources */,
				76F06B6123DA3E39002CE0E3 /* CircularProgressBarView.swift in Sources */,
				76FD61A823B929AE00D21B21 /* SceneDelegate.swift in Sources */,
				76FEB7F223DCA8D70028DBA0 /* LocalNotifications.swift in Sources */,
				764F94C723D3381E008C0D09 /* AddNotificationView.swift in Sources */,
				76FDE0D923CE0BCA00E3EEA2 /* Haptics.swift in Sources */,
				76FD61C923B92C4D00D21B21 /* HoveringButton.swift in Sources */,
				76FDE0E023CE425C00E3EEA2 /* MObject+Notifications.swift in Sources */,
				7673533A23CA11F1002C1194 /* MStep+Create.swift in Sources */,
				7625E11B23C5063400F81CCA /* AddMObjectView.swift in Sources */,
				764AA30C23C2816600F581BA /* String+Capitalizer.swift in Sources */,
				76FD61C123B92B3D00D21B21 /* SettingsViewModel.swift in Sources */,
				76895C5523C67FA600867607 /* NotesView.swift in Sources */,
				76D802F323C941E70088556A /* String+NoNewline.swift in Sources */,
				7681B67F23C383DA0068254B /* MTask+CoreDataProperties.swift in Sources */,
				7621991D23CBD6A3004B6541 /* MStep+Status.swift in Sources */,
				76EF17C523BCE16200C1CD11 /* AddTaskView.swift in Sources */,
				765BA58823C236E5007F835D /* String+EmptyHolder.swift in Sources */,
				761F244023C1667C008AA2B7 /* MProject+CoreDataClass.swift in Sources */,
			);
			runOnlyForDeploymentPostprocessing = 0;
		};
/* End PBXSourcesBuildPhase section */

/* Begin PBXVariantGroup section */
		76FD61B323B929AE00D21B21 /* LaunchScreen.storyboard */ = {
			isa = PBXVariantGroup;
			children = (
				76FD61B423B929AE00D21B21 /* Base */,
			);
			name = LaunchScreen.storyboard;
			sourceTree = "<group>";
		};
/* End PBXVariantGroup section */

/* Begin XCBuildConfiguration section */
		76FD61B723B929AE00D21B21 /* Debug */ = {
			isa = XCBuildConfiguration;
			buildSettings = {
				ALWAYS_SEARCH_USER_PATHS = NO;
				CLANG_ANALYZER_NONNULL = YES;
				CLANG_ANALYZER_NUMBER_OBJECT_CONVERSION = YES_AGGRESSIVE;
				CLANG_CXX_LANGUAGE_STANDARD = "gnu++14";
				CLANG_CXX_LIBRARY = "libc++";
				CLANG_ENABLE_MODULES = YES;
				CLANG_ENABLE_OBJC_ARC = YES;
				CLANG_ENABLE_OBJC_WEAK = YES;
				CLANG_WARN_BLOCK_CAPTURE_AUTORELEASING = YES;
				CLANG_WARN_BOOL_CONVERSION = YES;
				CLANG_WARN_COMMA = YES;
				CLANG_WARN_CONSTANT_CONVERSION = YES;
				CLANG_WARN_DEPRECATED_OBJC_IMPLEMENTATIONS = YES;
				CLANG_WARN_DIRECT_OBJC_ISA_USAGE = YES_ERROR;
				CLANG_WARN_DOCUMENTATION_COMMENTS = YES;
				CLANG_WARN_EMPTY_BODY = YES;
				CLANG_WARN_ENUM_CONVERSION = YES;
				CLANG_WARN_INFINITE_RECURSION = YES;
				CLANG_WARN_INT_CONVERSION = YES;
				CLANG_WARN_NON_LITERAL_NULL_CONVERSION = YES;
				CLANG_WARN_OBJC_IMPLICIT_RETAIN_SELF = YES;
				CLANG_WARN_OBJC_LITERAL_CONVERSION = YES;
				CLANG_WARN_OBJC_ROOT_CLASS = YES_ERROR;
				CLANG_WARN_RANGE_LOOP_ANALYSIS = YES;
				CLANG_WARN_STRICT_PROTOTYPES = YES;
				CLANG_WARN_SUSPICIOUS_MOVE = YES;
				CLANG_WARN_UNGUARDED_AVAILABILITY = YES_AGGRESSIVE;
				CLANG_WARN_UNREACHABLE_CODE = YES;
				CLANG_WARN__DUPLICATE_METHOD_MATCH = YES;
				COPY_PHASE_STRIP = NO;
				DEBUG_INFORMATION_FORMAT = dwarf;
				ENABLE_STRICT_OBJC_MSGSEND = YES;
				ENABLE_TESTABILITY = YES;
				GCC_C_LANGUAGE_STANDARD = gnu11;
				GCC_DYNAMIC_NO_PIC = NO;
				GCC_NO_COMMON_BLOCKS = YES;
				GCC_OPTIMIZATION_LEVEL = 0;
				GCC_PREPROCESSOR_DEFINITIONS = (
					"DEBUG=1",
					"$(inherited)",
				);
				GCC_WARN_64_TO_32_BIT_CONVERSION = YES;
				GCC_WARN_ABOUT_RETURN_TYPE = YES_ERROR;
				GCC_WARN_UNDECLARED_SELECTOR = YES;
				GCC_WARN_UNINITIALIZED_AUTOS = YES_AGGRESSIVE;
				GCC_WARN_UNUSED_FUNCTION = YES;
				GCC_WARN_UNUSED_VARIABLE = YES;
				IPHONEOS_DEPLOYMENT_TARGET = 13.2;
				MTL_ENABLE_DEBUG_INFO = INCLUDE_SOURCE;
				MTL_FAST_MATH = YES;
				ONLY_ACTIVE_ARCH = YES;
				SDKROOT = iphoneos;
				SWIFT_ACTIVE_COMPILATION_CONDITIONS = DEBUG;
				SWIFT_OPTIMIZATION_LEVEL = "-Onone";
			};
			name = Debug;
		};
		76FD61B823B929AE00D21B21 /* Release */ = {
			isa = XCBuildConfiguration;
			buildSettings = {
				ALWAYS_SEARCH_USER_PATHS = NO;
				CLANG_ANALYZER_NONNULL = YES;
				CLANG_ANALYZER_NUMBER_OBJECT_CONVERSION = YES_AGGRESSIVE;
				CLANG_CXX_LANGUAGE_STANDARD = "gnu++14";
				CLANG_CXX_LIBRARY = "libc++";
				CLANG_ENABLE_MODULES = YES;
				CLANG_ENABLE_OBJC_ARC = YES;
				CLANG_ENABLE_OBJC_WEAK = YES;
				CLANG_WARN_BLOCK_CAPTURE_AUTORELEASING = YES;
				CLANG_WARN_BOOL_CONVERSION = YES;
				CLANG_WARN_COMMA = YES;
				CLANG_WARN_CONSTANT_CONVERSION = YES;
				CLANG_WARN_DEPRECATED_OBJC_IMPLEMENTATIONS = YES;
				CLANG_WARN_DIRECT_OBJC_ISA_USAGE = YES_ERROR;
				CLANG_WARN_DOCUMENTATION_COMMENTS = YES;
				CLANG_WARN_EMPTY_BODY = YES;
				CLANG_WARN_ENUM_CONVERSION = YES;
				CLANG_WARN_INFINITE_RECURSION = YES;
				CLANG_WARN_INT_CONVERSION = YES;
				CLANG_WARN_NON_LITERAL_NULL_CONVERSION = YES;
				CLANG_WARN_OBJC_IMPLICIT_RETAIN_SELF = YES;
				CLANG_WARN_OBJC_LITERAL_CONVERSION = YES;
				CLANG_WARN_OBJC_ROOT_CLASS = YES_ERROR;
				CLANG_WARN_RANGE_LOOP_ANALYSIS = YES;
				CLANG_WARN_STRICT_PROTOTYPES = YES;
				CLANG_WARN_SUSPICIOUS_MOVE = YES;
				CLANG_WARN_UNGUARDED_AVAILABILITY = YES_AGGRESSIVE;
				CLANG_WARN_UNREACHABLE_CODE = YES;
				CLANG_WARN__DUPLICATE_METHOD_MATCH = YES;
				COPY_PHASE_STRIP = NO;
				DEBUG_INFORMATION_FORMAT = "dwarf-with-dsym";
				ENABLE_NS_ASSERTIONS = NO;
				ENABLE_STRICT_OBJC_MSGSEND = YES;
				GCC_C_LANGUAGE_STANDARD = gnu11;
				GCC_NO_COMMON_BLOCKS = YES;
				GCC_WARN_64_TO_32_BIT_CONVERSION = YES;
				GCC_WARN_ABOUT_RETURN_TYPE = YES_ERROR;
				GCC_WARN_UNDECLARED_SELECTOR = YES;
				GCC_WARN_UNINITIALIZED_AUTOS = YES_AGGRESSIVE;
				GCC_WARN_UNUSED_FUNCTION = YES;
				GCC_WARN_UNUSED_VARIABLE = YES;
				IPHONEOS_DEPLOYMENT_TARGET = 13.2;
				MTL_ENABLE_DEBUG_INFO = NO;
				MTL_FAST_MATH = YES;
				SDKROOT = iphoneos;
				SWIFT_COMPILATION_MODE = wholemodule;
				SWIFT_OPTIMIZATION_LEVEL = "-O";
				VALIDATE_PRODUCT = YES;
			};
			name = Release;
		};
		76FD61BA23B929AE00D21B21 /* Debug */ = {
			isa = XCBuildConfiguration;
			buildSettings = {
				ASSETCATALOG_COMPILER_APPICON_NAME = AppIcon;
				CODE_SIGN_ENTITLEMENTS = MyProjects/MyProjects.entitlements;
				CODE_SIGN_STYLE = Automatic;
				DEVELOPMENT_ASSET_PATHS = "\"MyProjects/Preview Content\"";
				DEVELOPMENT_TEAM = 64LWD834U3;
				ENABLE_PREVIEWS = YES;
				INFOPLIST_FILE = MyProjects/Info.plist;
				LD_RUNPATH_SEARCH_PATHS = (
					"$(inherited)",
					"@executable_path/Frameworks",
				);
				PRODUCT_BUNDLE_IDENTIFIER = com.firot.MyProjects;
				PRODUCT_NAME = "$(TARGET_NAME)";
				SWIFT_VERSION = 5.0;
				TARGETED_DEVICE_FAMILY = "1,2";
			};
			name = Debug;
		};
		76FD61BB23B929AE00D21B21 /* Release */ = {
			isa = XCBuildConfiguration;
			buildSettings = {
				ASSETCATALOG_COMPILER_APPICON_NAME = AppIcon;
				CODE_SIGN_ENTITLEMENTS = MyProjects/MyProjects.entitlements;
				CODE_SIGN_STYLE = Automatic;
				DEVELOPMENT_ASSET_PATHS = "\"MyProjects/Preview Content\"";
				DEVELOPMENT_TEAM = 64LWD834U3;
				ENABLE_PREVIEWS = YES;
				INFOPLIST_FILE = MyProjects/Info.plist;
				LD_RUNPATH_SEARCH_PATHS = (
					"$(inherited)",
					"@executable_path/Frameworks",
				);
				PRODUCT_BUNDLE_IDENTIFIER = com.firot.MyProjects;
				PRODUCT_NAME = "$(TARGET_NAME)";
				SWIFT_VERSION = 5.0;
				TARGETED_DEVICE_FAMILY = "1,2";
			};
			name = Release;
		};
/* End XCBuildConfiguration section */

/* Begin XCConfigurationList section */
		76FD619D23B929AE00D21B21 /* Build configuration list for PBXProject "MyProjects" */ = {
			isa = XCConfigurationList;
			buildConfigurations = (
				76FD61B723B929AE00D21B21 /* Debug */,
				76FD61B823B929AE00D21B21 /* Release */,
			);
			defaultConfigurationIsVisible = 0;
			defaultConfigurationName = Release;
		};
		76FD61B923B929AE00D21B21 /* Build configuration list for PBXNativeTarget "MyProjects" */ = {
			isa = XCConfigurationList;
			buildConfigurations = (
				76FD61BA23B929AE00D21B21 /* Debug */,
				76FD61BB23B929AE00D21B21 /* Release */,
			);
			defaultConfigurationIsVisible = 0;
			defaultConfigurationName = Release;
		};
/* End XCConfigurationList section */

/* Begin XCVersionGroup section */
		76FD61A923B929AE00D21B21 /* MyProjects.xcdatamodeld */ = {
			isa = XCVersionGroup;
			children = (
				76FD61AA23B929AE00D21B21 /* MyProjects.xcdatamodel */,
			);
			currentVersion = 76FD61AA23B929AE00D21B21 /* MyProjects.xcdatamodel */;
			path = MyProjects.xcdatamodeld;
			sourceTree = "<group>";
			versionGroupType = wrapper.xcdatamodel;
		};
/* End XCVersionGroup section */
	};
	rootObject = 76FD619A23B929AE00D21B21 /* Project object */;
}
