// !$*UTF8*$!
{
	archiveVersion = 1;
	classes = {
	};
	objectVersion = 50;
	objects = {

/* Begin PBXBuildFile section */
		76068E6123C3CF7B008E53C4 /* ModalTitle.swift in Sources */ = {isa = PBXBuildFile; fileRef = 76068E6023C3CF7B008E53C4 /* ModalTitle.swift */; };
		761F244023C1667C008AA2B7 /* MProject+CoreDataClass.swift in Sources */ = {isa = PBXBuildFile; fileRef = 761F243E23C1667C008AA2B7 /* MProject+CoreDataClass.swift */; };
		761F244123C1667C008AA2B7 /* MProject+CoreDataProperties.swift in Sources */ = {isa = PBXBuildFile; fileRef = 761F243F23C1667C008AA2B7 /* MProject+CoreDataProperties.swift */; };
		761F244423C16EFD008AA2B7 /* MProject+CreateOrSync.swift in Sources */ = {isa = PBXBuildFile; fileRef = 761F244323C16EFD008AA2B7 /* MProject+CreateOrSync.swift */; };
		7625E11423C4E5F700F81CCA /* MObject.swift in Sources */ = {isa = PBXBuildFile; fileRef = 7625E11323C4E5F700F81CCA /* MObject.swift */; };
		7625E11723C4F6E000F81CCA /* AddMObjectViewModel.swift in Sources */ = {isa = PBXBuildFile; fileRef = 7625E11623C4F6E000F81CCA /* AddMObjectViewModel.swift */; };
		7625E11B23C5063400F81CCA /* AddMObjectView.swift in Sources */ = {isa = PBXBuildFile; fileRef = 7625E11A23C5063400F81CCA /* AddMObjectView.swift */; };
		7625E11D23C5239900F81CCA /* View+HideKeyboard.swift in Sources */ = {isa = PBXBuildFile; fileRef = 7625E11C23C5239900F81CCA /* View+HideKeyboard.swift */; };
		764AA30C23C2816600F581BA /* String+Capitalizer.swift in Sources */ = {isa = PBXBuildFile; fileRef = 764AA30B23C2816600F581BA /* String+Capitalizer.swift */; };
		764AA31023C29F6A00F581BA /* FilteredList.swift in Sources */ = {isa = PBXBuildFile; fileRef = 764AA30F23C29F6A00F581BA /* FilteredList.swift */; };
		765BA58623C2313E007F835D /* Date+ToString.swift in Sources */ = {isa = PBXBuildFile; fileRef = 765BA58523C2313E007F835D /* Date+ToString.swift */; };
		765BA58823C236E5007F835D /* String+EmptyHolder.swift in Sources */ = {isa = PBXBuildFile; fileRef = 765BA58723C236E5007F835D /* String+EmptyHolder.swift */; };
		7681B67E23C383DA0068254B /* MTask+CoreDataClass.swift in Sources */ = {isa = PBXBuildFile; fileRef = 7681B67C23C383DA0068254B /* MTask+CoreDataClass.swift */; };
		7681B67F23C383DA0068254B /* MTask+CoreDataProperties.swift in Sources */ = {isa = PBXBuildFile; fileRef = 7681B67D23C383DA0068254B /* MTask+CoreDataProperties.swift */; };
		7681B68823C3B3360068254B /* MTask+CreateOrSync.swift in Sources */ = {isa = PBXBuildFile; fileRef = 7681B68723C3B3360068254B /* MTask+CreateOrSync.swift */; };
		76ED808123C62E430042D36D /* NotificationPeriod.swift in Sources */ = {isa = PBXBuildFile; fileRef = 76ED808023C62E430042D36D /* NotificationPeriod.swift */; };
		76ED808423C62F580042D36D /* PlaceholderView.swift in Sources */ = {isa = PBXBuildFile; fileRef = 76ED808323C62F580042D36D /* PlaceholderView.swift */; };
		76ED808623C648F70042D36D /* TextView.swift in Sources */ = {isa = PBXBuildFile; fileRef = 76ED808523C648F70042D36D /* TextView.swift */; };
		76EF17C023BCE0AA00C1CD11 /* TasksView.swift in Sources */ = {isa = PBXBuildFile; fileRef = 76EF17BF23BCE0AA00C1CD11 /* TasksView.swift */; };
		76EF17C223BCE0B600C1CD11 /* TasksViewModel.swift in Sources */ = {isa = PBXBuildFile; fileRef = 76EF17C123BCE0B600C1CD11 /* TasksViewModel.swift */; };
		76EF17C523BCE16200C1CD11 /* AddTaskView.swift in Sources */ = {isa = PBXBuildFile; fileRef = 76EF17C423BCE16200C1CD11 /* AddTaskView.swift */; };
		76EF17C723BCE17400C1CD11 /* AddTaskViewModel.swift in Sources */ = {isa = PBXBuildFile; fileRef = 76EF17C623BCE17400C1CD11 /* AddTaskViewModel.swift */; };
		76EF17C923BCE1AF00C1CD11 /* AddProjectViewModel.swift in Sources */ = {isa = PBXBuildFile; fileRef = 76EF17C823BCE1AF00C1CD11 /* AddProjectViewModel.swift */; };
		76FD61A623B929AE00D21B21 /* AppDelegate.swift in Sources */ = {isa = PBXBuildFile; fileRef = 76FD61A523B929AE00D21B21 /* AppDelegate.swift */; };
		76FD61A823B929AE00D21B21 /* SceneDelegate.swift in Sources */ = {isa = PBXBuildFile; fileRef = 76FD61A723B929AE00D21B21 /* SceneDelegate.swift */; };
		76FD61AB23B929AE00D21B21 /* MyProjects.xcdatamodeld in Sources */ = {isa = PBXBuildFile; fileRef = 76FD61A923B929AE00D21B21 /* MyProjects.xcdatamodeld */; };
		76FD61AD23B929AE00D21B21 /* ContentView.swift in Sources */ = {isa = PBXBuildFile; fileRef = 76FD61AC23B929AE00D21B21 /* ContentView.swift */; };
		76FD61AF23B929AE00D21B21 /* Assets.xcassets in Resources */ = {isa = PBXBuildFile; fileRef = 76FD61AE23B929AE00D21B21 /* Assets.xcassets */; };
		76FD61B223B929AE00D21B21 /* Preview Assets.xcassets in Resources */ = {isa = PBXBuildFile; fileRef = 76FD61B123B929AE00D21B21 /* Preview Assets.xcassets */; };
		76FD61B523B929AE00D21B21 /* LaunchScreen.storyboard in Resources */ = {isa = PBXBuildFile; fileRef = 76FD61B323B929AE00D21B21 /* LaunchScreen.storyboard */; };
		76FD61BF23B92A5C00D21B21 /* SettingsView.swift in Sources */ = {isa = PBXBuildFile; fileRef = 76FD61BE23B92A5C00D21B21 /* SettingsView.swift */; };
		76FD61C123B92B3D00D21B21 /* SettingsViewModel.swift in Sources */ = {isa = PBXBuildFile; fileRef = 76FD61C023B92B3D00D21B21 /* SettingsViewModel.swift */; };
		76FD61C523B92BCC00D21B21 /* ProjectsView.swift in Sources */ = {isa = PBXBuildFile; fileRef = 76FD61C423B92BCC00D21B21 /* ProjectsView.swift */; };
		76FD61C723B92BDF00D21B21 /* ProjectsViewModel.swift in Sources */ = {isa = PBXBuildFile; fileRef = 76FD61C623B92BDF00D21B21 /* ProjectsViewModel.swift */; };
		76FD61C923B92C4D00D21B21 /* AddButton.swift in Sources */ = {isa = PBXBuildFile; fileRef = 76FD61C823B92C4D00D21B21 /* AddButton.swift */; };
		76FD61CC23B9335100D21B21 /* AddProjectView.swift in Sources */ = {isa = PBXBuildFile; fileRef = 76FD61CB23B9335100D21B21 /* AddProjectView.swift */; };
/* End PBXBuildFile section */

/* Begin PBXFileReference section */
		76068E6023C3CF7B008E53C4 /* ModalTitle.swift */ = {isa = PBXFileReference; lastKnownFileType = sourcecode.swift; path = ModalTitle.swift; sourceTree = "<group>"; };
		761F243E23C1667C008AA2B7 /* MProject+CoreDataClass.swift */ = {isa = PBXFileReference; lastKnownFileType = sourcecode.swift; path = "MProject+CoreDataClass.swift"; sourceTree = "<group>"; };
		761F243F23C1667C008AA2B7 /* MProject+CoreDataProperties.swift */ = {isa = PBXFileReference; lastKnownFileType = sourcecode.swift; path = "MProject+CoreDataProperties.swift"; sourceTree = "<group>"; };
		761F244323C16EFD008AA2B7 /* MProject+CreateOrSync.swift */ = {isa = PBXFileReference; lastKnownFileType = sourcecode.swift; path = "MProject+CreateOrSync.swift"; sourceTree = "<group>"; };
		7625E11323C4E5F700F81CCA /* MObject.swift */ = {isa = PBXFileReference; lastKnownFileType = sourcecode.swift; path = MObject.swift; sourceTree = "<group>"; };
		7625E11623C4F6E000F81CCA /* AddMObjectViewModel.swift */ = {isa = PBXFileReference; lastKnownFileType = sourcecode.swift; path = AddMObjectViewModel.swift; sourceTree = "<group>"; };
		7625E11A23C5063400F81CCA /* AddMObjectView.swift */ = {isa = PBXFileReference; lastKnownFileType = sourcecode.swift; path = AddMObjectView.swift; sourceTree = "<group>"; };
		7625E11C23C5239900F81CCA /* View+HideKeyboard.swift */ = {isa = PBXFileReference; lastKnownFileType = sourcecode.swift; path = "View+HideKeyboard.swift"; sourceTree = "<group>"; };
		764AA30B23C2816600F581BA /* String+Capitalizer.swift */ = {isa = PBXFileReference; lastKnownFileType = sourcecode.swift; path = "String+Capitalizer.swift"; sourceTree = "<group>"; };
		764AA30F23C29F6A00F581BA /* FilteredList.swift */ = {isa = PBXFileReference; lastKnownFileType = sourcecode.swift; path = FilteredList.swift; sourceTree = "<group>"; };
		765BA58523C2313E007F835D /* Date+ToString.swift */ = {isa = PBXFileReference; lastKnownFileType = sourcecode.swift; path = "Date+ToString.swift"; sourceTree = "<group>"; };
		765BA58723C236E5007F835D /* String+EmptyHolder.swift */ = {isa = PBXFileReference; lastKnownFileType = sourcecode.swift; path = "String+EmptyHolder.swift"; sourceTree = "<group>"; };
		7681B67C23C383DA0068254B /* MTask+CoreDataClass.swift */ = {isa = PBXFileReference; lastKnownFileType = sourcecode.swift; path = "MTask+CoreDataClass.swift"; sourceTree = "<group>"; };
		7681B67D23C383DA0068254B /* MTask+CoreDataProperties.swift */ = {isa = PBXFileReference; lastKnownFileType = sourcecode.swift; path = "MTask+CoreDataProperties.swift"; sourceTree = "<group>"; };
		7681B68723C3B3360068254B /* MTask+CreateOrSync.swift */ = {isa = PBXFileReference; lastKnownFileType = sourcecode.swift; path = "MTask+CreateOrSync.swift"; sourceTree = "<group>"; };
		76ED808023C62E430042D36D /* NotificationPeriod.swift */ = {isa = PBXFileReference; lastKnownFileType = sourcecode.swift; path = NotificationPeriod.swift; sourceTree = "<group>"; };
		76ED808323C62F580042D36D /* PlaceholderView.swift */ = {isa = PBXFileReference; lastKnownFileType = sourcecode.swift; path = PlaceholderView.swift; sourceTree = "<group>"; };
		76ED808523C648F70042D36D /* TextView.swift */ = {isa = PBXFileReference; lastKnownFileType = sourcecode.swift; path = TextView.swift; sourceTree = "<group>"; };
		76EF17BF23BCE0AA00C1CD11 /* TasksView.swift */ = {isa = PBXFileReference; lastKnownFileType = sourcecode.swift; path = TasksView.swift; sourceTree = "<group>"; };
		76EF17C123BCE0B600C1CD11 /* TasksViewModel.swift */ = {isa = PBXFileReference; lastKnownFileType = sourcecode.swift; path = TasksViewModel.swift; sourceTree = "<group>"; };
		76EF17C423BCE16200C1CD11 /* AddTaskView.swift */ = {isa = PBXFileReference; lastKnownFileType = sourcecode.swift; path = AddTaskView.swift; sourceTree = "<group>"; };
		76EF17C623BCE17400C1CD11 /* AddTaskViewModel.swift */ = {isa = PBXFileReference; lastKnownFileType = sourcecode.swift; path = AddTaskViewModel.swift; sourceTree = "<group>"; };
		76EF17C823BCE1AF00C1CD11 /* AddProjectViewModel.swift */ = {isa = PBXFileReference; lastKnownFileType = sourcecode.swift; path = AddProjectViewModel.swift; sourceTree = "<group>"; };
		76FD61A223B929AE00D21B21 /* MyProjects.app */ = {isa = PBXFileReference; explicitFileType = wrapper.application; includeInIndex = 0; path = MyProjects.app; sourceTree = BUILT_PRODUCTS_DIR; };
		76FD61A523B929AE00D21B21 /* AppDelegate.swift */ = {isa = PBXFileReference; lastKnownFileType = sourcecode.swift; path = AppDelegate.swift; sourceTree = "<group>"; };
		76FD61A723B929AE00D21B21 /* SceneDelegate.swift */ = {isa = PBXFileReference; lastKnownFileType = sourcecode.swift; path = SceneDelegate.swift; sourceTree = "<group>"; };
		76FD61AA23B929AE00D21B21 /* MyProjects.xcdatamodel */ = {isa = PBXFileReference; lastKnownFileType = wrapper.xcdatamodel; path = MyProjects.xcdatamodel; sourceTree = "<group>"; };
		76FD61AC23B929AE00D21B21 /* ContentView.swift */ = {isa = PBXFileReference; lastKnownFileType = sourcecode.swift; path = ContentView.swift; sourceTree = "<group>"; };
		76FD61AE23B929AE00D21B21 /* Assets.xcassets */ = {isa = PBXFileReference; lastKnownFileType = folder.assetcatalog; path = Assets.xcassets; sourceTree = "<group>"; };
		76FD61B123B929AE00D21B21 /* Preview Assets.xcassets */ = {isa = PBXFileReference; lastKnownFileType = folder.assetcatalog; path = "Preview Assets.xcassets"; sourceTree = "<group>"; };
		76FD61B423B929AE00D21B21 /* Base */ = {isa = PBXFileReference; lastKnownFileType = file.storyboard; name = Base; path = Base.lproj/LaunchScreen.storyboard; sourceTree = "<group>"; };
		76FD61B623B929AE00D21B21 /* Info.plist */ = {isa = PBXFileReference; lastKnownFileType = text.plist.xml; path = Info.plist; sourceTree = "<group>"; };
		76FD61BE23B92A5C00D21B21 /* SettingsView.swift */ = {isa = PBXFileReference; lastKnownFileType = sourcecode.swift; path = SettingsView.swift; sourceTree = "<group>"; };
		76FD61C023B92B3D00D21B21 /* SettingsViewModel.swift */ = {isa = PBXFileReference; lastKnownFileType = sourcecode.swift; path = SettingsViewModel.swift; sourceTree = "<group>"; };
		76FD61C423B92BCC00D21B21 /* ProjectsView.swift */ = {isa = PBXFileReference; lastKnownFileType = sourcecode.swift; path = ProjectsView.swift; sourceTree = "<group>"; };
		76FD61C623B92BDF00D21B21 /* ProjectsViewModel.swift */ = {isa = PBXFileReference; lastKnownFileType = sourcecode.swift; path = ProjectsViewModel.swift; sourceTree = "<group>"; };
		76FD61C823B92C4D00D21B21 /* AddButton.swift */ = {isa = PBXFileReference; lastKnownFileType = sourcecode.swift; path = AddButton.swift; sourceTree = "<group>"; };
		76FD61CB23B9335100D21B21 /* AddProjectView.swift */ = {isa = PBXFileReference; lastKnownFileType = sourcecode.swift; path = AddProjectView.swift; sourceTree = "<group>"; };
/* End PBXFileReference section */

/* Begin PBXFrameworksBuildPhase section */
		76FD619F23B929AE00D21B21 /* Frameworks */ = {
			isa = PBXFrameworksBuildPhase;
			buildActionMask = 2147483647;
			files = (
			);
			runOnlyForDeploymentPostprocessing = 0;
		};
/* End PBXFrameworksBuildPhase section */

/* Begin PBXGroup section */
		761F243C23C15A4B008AA2B7 /* Models */ = {
			isa = PBXGroup;
			children = (
				7625E11323C4E5F700F81CCA /* MObject.swift */,
				7681B68023C383DF0068254B /* MTask */,
				761F244223C16E08008AA2B7 /* MProject */,
			);
			path = Models;
			sourceTree = "<group>";
		};
		761F244223C16E08008AA2B7 /* MProject */ = {
			isa = PBXGroup;
			children = (
				761F243F23C1667C008AA2B7 /* MProject+CoreDataProperties.swift */,
				761F243E23C1667C008AA2B7 /* MProject+CoreDataClass.swift */,
				761F244323C16EFD008AA2B7 /* MProject+CreateOrSync.swift */,
			);
			path = MProject;
			sourceTree = "<group>";
		};
		7625E11523C4F6C700F81CCA /* AddMObjectView */ = {
			isa = PBXGroup;
			children = (
				7625E11623C4F6E000F81CCA /* AddMObjectViewModel.swift */,
				7625E11A23C5063400F81CCA /* AddMObjectView.swift */,
			);
			path = AddMObjectView;
			sourceTree = "<group>";
		};
		765BA58423C2312D007F835D /* Extensions */ = {
			isa = PBXGroup;
			children = (
				765BA58523C2313E007F835D /* Date+ToString.swift */,
				765BA58723C236E5007F835D /* String+EmptyHolder.swift */,
				764AA30B23C2816600F581BA /* String+Capitalizer.swift */,
				7625E11C23C5239900F81CCA /* View+HideKeyboard.swift */,
			);
			path = Extensions;
			sourceTree = "<group>";
		};
		7681B68023C383DF0068254B /* MTask */ = {
			isa = PBXGroup;
			children = (
				7681B67C23C383DA0068254B /* MTask+CoreDataClass.swift */,
				7681B67D23C383DA0068254B /* MTask+CoreDataProperties.swift */,
				7681B68723C3B3360068254B /* MTask+CreateOrSync.swift */,
			);
			path = MTask;
			sourceTree = "<group>";
		};
		76ED807F23C62E2D0042D36D /* Notifications */ = {
			isa = PBXGroup;
			children = (
				76ED808023C62E430042D36D /* NotificationPeriod.swift */,
			);
			path = Notifications;
			sourceTree = "<group>";
		};
		76EF17BC23BCE07100C1CD11 /* Reusables */ = {
			isa = PBXGroup;
			children = (
				764AA30F23C29F6A00F581BA /* FilteredList.swift */,
				76068E6023C3CF7B008E53C4 /* ModalTitle.swift */,
				76EF17BD23BCE07900C1CD11 /* Buttons */,
			);
			path = Reusables;
			sourceTree = "<group>";
		};
		76EF17BD23BCE07900C1CD11 /* Buttons */ = {
			isa = PBXGroup;
			children = (
				76FD61C823B92C4D00D21B21 /* AddButton.swift */,
			);
			path = Buttons;
			sourceTree = "<group>";
		};
		76EF17BE23BCE09000C1CD11 /* TasksView */ = {
			isa = PBXGroup;
			children = (
				76EF17BF23BCE0AA00C1CD11 /* TasksView.swift */,
				76EF17C123BCE0B600C1CD11 /* TasksViewModel.swift */,
			);
			path = TasksView;
			sourceTree = "<group>";
		};
		76EF17C323BCE14D00C1CD11 /* AddTaskView */ = {
			isa = PBXGroup;
			children = (
				76EF17C423BCE16200C1CD11 /* AddTaskView.swift */,
				76EF17C623BCE17400C1CD11 /* AddTaskViewModel.swift */,
			);
			path = AddTaskView;
			sourceTree = "<group>";
		};
		76FD619923B929AE00D21B21 = {
			isa = PBXGroup;
			children = (
				76FD61A423B929AE00D21B21 /* MyProjects */,
				76FD61A323B929AE00D21B21 /* Products */,
			);
			sourceTree = "<group>";
		};
		76FD61A323B929AE00D21B21 /* Products */ = {
			isa = PBXGroup;
			children = (
				76FD61A223B929AE00D21B21 /* MyProjects.app */,
			);
			name = Products;
			sourceTree = "<group>";
		};
		76FD61A423B929AE00D21B21 /* MyProjects */ = {
			isa = PBXGroup;
			children = (
				76ED807F23C62E2D0042D36D /* Notifications */,
				765BA58423C2312D007F835D /* Extensions */,
				761F243C23C15A4B008AA2B7 /* Models */,
				76FD61BC23B929D900D21B21 /* Views */,
				76FD61A523B929AE00D21B21 /* AppDelegate.swift */,
				76FD61A723B929AE00D21B21 /* SceneDelegate.swift */,
				76FD61AC23B929AE00D21B21 /* ContentView.swift */,
				76FD61AE23B929AE00D21B21 /* Assets.xcassets */,
				76FD61B323B929AE00D21B21 /* LaunchScreen.storyboard */,
				76FD61B623B929AE00D21B21 /* Info.plist */,
				76FD61A923B929AE00D21B21 /* MyProjects.xcdatamodeld */,
				76FD61B023B929AE00D21B21 /* Preview Content */,
			);
			path = MyProjects;
			sourceTree = "<group>";
		};
		76FD61B023B929AE00D21B21 /* Preview Content */ = {
			isa = PBXGroup;
			children = (
				76FD61B123B929AE00D21B21 /* Preview Assets.xcassets */,
			);
			path = "Preview Content";
			sourceTree = "<group>";
		};
		76FD61BC23B929D900D21B21 /* Views */ = {
			isa = PBXGroup;
			children = (
				7625E11523C4F6C700F81CCA /* AddMObjectView */,
				76EF17C323BCE14D00C1CD11 /* AddTaskView */,
				76EF17BE23BCE09000C1CD11 /* TasksView */,
				76EF17BC23BCE07100C1CD11 /* Reusables */,
				76FD61CA23B9334300D21B21 /* AddProjectView */,
				76FD61C223B92BAE00D21B21 /* ProjectsView */,
				76FD61BD23B92A4A00D21B21 /* SettingsView */,
				76ED808323C62F580042D36D /* PlaceholderView.swift */,
				76ED808523C648F70042D36D /* TextView.swift */,
			);
			path = Views;
			sourceTree = "<group>";
		};
		76FD61BD23B92A4A00D21B21 /* SettingsView */ = {
			isa = PBXGroup;
			children = (
				76FD61BE23B92A5C00D21B21 /* SettingsView.swift */,
				76FD61C023B92B3D00D21B21 /* SettingsViewModel.swift */,
			);
			path = SettingsView;
			sourceTree = "<group>";
		};
		76FD61C223B92BAE00D21B21 /* ProjectsView */ = {
			isa = PBXGroup;
			children = (
				76FD61C423B92BCC00D21B21 /* ProjectsView.swift */,
				76FD61C623B92BDF00D21B21 /* ProjectsViewModel.swift */,
			);
			path = ProjectsView;
			sourceTree = "<group>";
		};
		76FD61CA23B9334300D21B21 /* AddProjectView */ = {
			isa = PBXGroup;
			children = (
				76FD61CB23B9335100D21B21 /* AddProjectView.swift */,
				76EF17C823BCE1AF00C1CD11 /* AddProjectViewModel.swift */,
			);
			path = AddProjectView;
			sourceTree = "<group>";
		};
/* End PBXGroup section */

/* Begin PBXNativeTarget section */
		76FD61A123B929AE00D21B21 /* MyProjects */ = {
			isa = PBXNativeTarget;
			buildConfigurationList = 76FD61B923B929AE00D21B21 /* Build configuration list for PBXNativeTarget "MyProjects" */;
			buildPhases = (
				76FD619E23B929AE00D21B21 /* Sources */,
				76FD619F23B929AE00D21B21 /* Frameworks */,
				76FD61A023B929AE00D21B21 /* Resources */,
			);
			buildRules = (
			);
			dependencies = (
			);
			name = MyProjects;
			productName = MyProjects;
			productReference = 76FD61A223B929AE00D21B21 /* MyProjects.app */;
			productType = "com.apple.product-type.application";
		};
/* End PBXNativeTarget section */

/* Begin PBXProject section */
		76FD619A23B929AE00D21B21 /* Project object */ = {
			isa = PBXProject;
			attributes = {
				LastSwiftUpdateCheck = 1130;
				LastUpgradeCheck = 1130;
				ORGANIZATIONNAME = Firot;
				TargetAttributes = {
					76FD61A123B929AE00D21B21 = {
						CreatedOnToolsVersion = 11.3;
					};
				};
			};
			buildConfigurationList = 76FD619D23B929AE00D21B21 /* Build configuration list for PBXProject "MyProjects" */;
			compatibilityVersion = "Xcode 9.3";
			developmentRegion = en;
			hasScannedForEncodings = 0;
			knownRegions = (
				en,
				Base,
			);
			mainGroup = 76FD619923B929AE00D21B21;
			productRefGroup = 76FD61A323B929AE00D21B21 /* Products */;
			projectDirPath = "";
			projectRoot = "";
			targets = (
				76FD61A123B929AE00D21B21 /* MyProjects */,
			);
		};
/* End PBXProject section */

/* Begin PBXResourcesBuildPhase section */
		76FD61A023B929AE00D21B21 /* Resources */ = {
			isa = PBXResourcesBuildPhase;
			buildActionMask = 2147483647;
			files = (
				76FD61B523B929AE00D21B21 /* LaunchScreen.storyboard in Resources */,
				76FD61B223B929AE00D21B21 /* Preview Assets.xcassets in Resources */,
				76FD61AF23B929AE00D21B21 /* Assets.xcassets in Resources */,
			);
			runOnlyForDeploymentPostprocessing = 0;
		};
/* End PBXResourcesBuildPhase section */

/* Begin PBXSourcesBuildPhase section */
		76FD619E23B929AE00D21B21 /* Sources */ = {
			isa = PBXSourcesBuildPhase;
			buildActionMask = 2147483647;
			files = (
				7681B68823C3B3360068254B /* MTask+CreateOrSync.swift in Sources */,
				7625E11723C4F6E000F81CCA /* AddMObjectViewModel.swift in Sources */,
				76FD61CC23B9335100D21B21 /* AddProjectView.swift in Sources */,
				7681B67E23C383DA0068254B /* MTask+CoreDataClass.swift in Sources */,
				76EF17C223BCE0B600C1CD11 /* TasksViewModel.swift in Sources */,
				764AA31023C29F6A00F581BA /* FilteredList.swift in Sources */,
				76FD61C723B92BDF00D21B21 /* ProjectsViewModel.swift in Sources */,
				76068E6123C3CF7B008E53C4 /* ModalTitle.swift in Sources */,
				761F244123C1667C008AA2B7 /* MProject+CoreDataProperties.swift in Sources */,
				76EF17C723BCE17400C1CD11 /* AddTaskViewModel.swift in Sources */,
				76FD61BF23B92A5C00D21B21 /* SettingsView.swift in Sources */,
				76EF17C023BCE0AA00C1CD11 /* TasksView.swift in Sources */,
				76ED808623C648F70042D36D /* TextView.swift in Sources */,
				76FD61A623B929AE00D21B21 /* AppDelegate.swift in Sources */,
				7625E11423C4E5F700F81CCA /* MObject.swift in Sources */,
				7625E11D23C5239900F81CCA /* View+HideKeyboard.swift in Sources */,
				76ED808423C62F580042D36D /* PlaceholderView.swift in Sources */,
				76FD61C523B92BCC00D21B21 /* ProjectsView.swift in Sources */,
				76FD61AB23B929AE00D21B21 /* MyProjects.xcdatamodeld in Sources */,
				765BA58623C2313E007F835D /* Date+ToString.swift in Sources */,
				76EF17C923BCE1AF00C1CD11 /* AddProjectViewModel.swift in Sources */,
				761F244423C16EFD008AA2B7 /* MProject+CreateOrSync.swift in Sources */,
				76FD61AD23B929AE00D21B21 /* ContentView.swift in Sources */,
				76FD61A823B929AE00D21B21 /* SceneDelegate.swift in Sources */,
				76FD61C923B92C4D00D21B21 /* AddButton.swift in Sources */,
				7625E11B23C5063400F81CCA /* AddMObjectView.swift in Sources */,
				764AA30C23C2816600F581BA /* String+Capitalizer.swift in Sources */,
				76FD61C123B92B3D00D21B21 /* SettingsViewModel.swift in Sources */,
				7681B67F23C383DA0068254B /* MTask+CoreDataProperties.swift in Sources */,
				76EF17C523BCE16200C1CD11 /* AddTaskView.swift in Sources */,
				76ED808123C62E430042D36D /* NotificationPeriod.swift in Sources */,
				765BA58823C236E5007F835D /* String+EmptyHolder.swift in Sources */,
				761F244023C1667C008AA2B7 /* MProject+CoreDataClass.swift in Sources */,
			);
			runOnlyForDeploymentPostprocessing = 0;
		};
/* End PBXSourcesBuildPhase section */

/* Begin PBXVariantGroup section */
		76FD61B323B929AE00D21B21 /* LaunchScreen.storyboard */ = {
			isa = PBXVariantGroup;
			children = (
				76FD61B423B929AE00D21B21 /* Base */,
			);
			name = LaunchScreen.storyboard;
			sourceTree = "<group>";
		};
/* End PBXVariantGroup section */

/* Begin XCBuildConfiguration section */
		76FD61B723B929AE00D21B21 /* Debug */ = {
			isa = XCBuildConfiguration;
			buildSettings = {
				ALWAYS_SEARCH_USER_PATHS = NO;
				CLANG_ANALYZER_NONNULL = YES;
				CLANG_ANALYZER_NUMBER_OBJECT_CONVERSION = YES_AGGRESSIVE;
				CLANG_CXX_LANGUAGE_STANDARD = "gnu++14";
				CLANG_CXX_LIBRARY = "libc++";
				CLANG_ENABLE_MODULES = YES;
				CLANG_ENABLE_OBJC_ARC = YES;
				CLANG_ENABLE_OBJC_WEAK = YES;
				CLANG_WARN_BLOCK_CAPTURE_AUTORELEASING = YES;
				CLANG_WARN_BOOL_CONVERSION = YES;
				CLANG_WARN_COMMA = YES;
				CLANG_WARN_CONSTANT_CONVERSION = YES;
				CLANG_WARN_DEPRECATED_OBJC_IMPLEMENTATIONS = YES;
				CLANG_WARN_DIRECT_OBJC_ISA_USAGE = YES_ERROR;
				CLANG_WARN_DOCUMENTATION_COMMENTS = YES;
				CLANG_WARN_EMPTY_BODY = YES;
				CLANG_WARN_ENUM_CONVERSION = YES;
				CLANG_WARN_INFINITE_RECURSION = YES;
				CLANG_WARN_INT_CONVERSION = YES;
				CLANG_WARN_NON_LITERAL_NULL_CONVERSION = YES;
				CLANG_WARN_OBJC_IMPLICIT_RETAIN_SELF = YES;
				CLANG_WARN_OBJC_LITERAL_CONVERSION = YES;
				CLANG_WARN_OBJC_ROOT_CLASS = YES_ERROR;
				CLANG_WARN_RANGE_LOOP_ANALYSIS = YES;
				CLANG_WARN_STRICT_PROTOTYPES = YES;
				CLANG_WARN_SUSPICIOUS_MOVE = YES;
				CLANG_WARN_UNGUARDED_AVAILABILITY = YES_AGGRESSIVE;
				CLANG_WARN_UNREACHABLE_CODE = YES;
				CLANG_WARN__DUPLICATE_METHOD_MATCH = YES;
				COPY_PHASE_STRIP = NO;
				DEBUG_INFORMATION_FORMAT = dwarf;
				ENABLE_STRICT_OBJC_MSGSEND = YES;
				ENABLE_TESTABILITY = YES;
				GCC_C_LANGUAGE_STANDARD = gnu11;
				GCC_DYNAMIC_NO_PIC = NO;
				GCC_NO_COMMON_BLOCKS = YES;
				GCC_OPTIMIZATION_LEVEL = 0;
				GCC_PREPROCESSOR_DEFINITIONS = (
					"DEBUG=1",
					"$(inherited)",
				);
				GCC_WARN_64_TO_32_BIT_CONVERSION = YES;
				GCC_WARN_ABOUT_RETURN_TYPE = YES_ERROR;
				GCC_WARN_UNDECLARED_SELECTOR = YES;
				GCC_WARN_UNINITIALIZED_AUTOS = YES_AGGRESSIVE;
				GCC_WARN_UNUSED_FUNCTION = YES;
				GCC_WARN_UNUSED_VARIABLE = YES;
				IPHONEOS_DEPLOYMENT_TARGET = 13.2;
				MTL_ENABLE_DEBUG_INFO = INCLUDE_SOURCE;
				MTL_FAST_MATH = YES;
				ONLY_ACTIVE_ARCH = YES;
				SDKROOT = iphoneos;
				SWIFT_ACTIVE_COMPILATION_CONDITIONS = DEBUG;
				SWIFT_OPTIMIZATION_LEVEL = "-Onone";
			};
			name = Debug;
		};
		76FD61B823B929AE00D21B21 /* Release */ = {
			isa = XCBuildConfiguration;
			buildSettings = {
				ALWAYS_SEARCH_USER_PATHS = NO;
				CLANG_ANALYZER_NONNULL = YES;
				CLANG_ANALYZER_NUMBER_OBJECT_CONVERSION = YES_AGGRESSIVE;
				CLANG_CXX_LANGUAGE_STANDARD = "gnu++14";
				CLANG_CXX_LIBRARY = "libc++";
				CLANG_ENABLE_MODULES = YES;
				CLANG_ENABLE_OBJC_ARC = YES;
				CLANG_ENABLE_OBJC_WEAK = YES;
				CLANG_WARN_BLOCK_CAPTURE_AUTORELEASING = YES;
				CLANG_WARN_BOOL_CONVERSION = YES;
				CLANG_WARN_COMMA = YES;
				CLANG_WARN_CONSTANT_CONVERSION = YES;
				CLANG_WARN_DEPRECATED_OBJC_IMPLEMENTATIONS = YES;
				CLANG_WARN_DIRECT_OBJC_ISA_USAGE = YES_ERROR;
				CLANG_WARN_DOCUMENTATION_COMMENTS = YES;
				CLANG_WARN_EMPTY_BODY = YES;
				CLANG_WARN_ENUM_CONVERSION = YES;
				CLANG_WARN_INFINITE_RECURSION = YES;
				CLANG_WARN_INT_CONVERSION = YES;
				CLANG_WARN_NON_LITERAL_NULL_CONVERSION = YES;
				CLANG_WARN_OBJC_IMPLICIT_RETAIN_SELF = YES;
				CLANG_WARN_OBJC_LITERAL_CONVERSION = YES;
				CLANG_WARN_OBJC_ROOT_CLASS = YES_ERROR;
				CLANG_WARN_RANGE_LOOP_ANALYSIS = YES;
				CLANG_WARN_STRICT_PROTOTYPES = YES;
				CLANG_WARN_SUSPICIOUS_MOVE = YES;
				CLANG_WARN_UNGUARDED_AVAILABILITY = YES_AGGRESSIVE;
				CLANG_WARN_UNREACHABLE_CODE = YES;
				CLANG_WARN__DUPLICATE_METHOD_MATCH = YES;
				COPY_PHASE_STRIP = NO;
				DEBUG_INFORMATION_FORMAT = "dwarf-with-dsym";
				ENABLE_NS_ASSERTIONS = NO;
				ENABLE_STRICT_OBJC_MSGSEND = YES;
				GCC_C_LANGUAGE_STANDARD = gnu11;
				GCC_NO_COMMON_BLOCKS = YES;
				GCC_WARN_64_TO_32_BIT_CONVERSION = YES;
				GCC_WARN_ABOUT_RETURN_TYPE = YES_ERROR;
				GCC_WARN_UNDECLARED_SELECTOR = YES;
				GCC_WARN_UNINITIALIZED_AUTOS = YES_AGGRESSIVE;
				GCC_WARN_UNUSED_FUNCTION = YES;
				GCC_WARN_UNUSED_VARIABLE = YES;
				IPHONEOS_DEPLOYMENT_TARGET = 13.2;
				MTL_ENABLE_DEBUG_INFO = NO;
				MTL_FAST_MATH = YES;
				SDKROOT = iphoneos;
				SWIFT_COMPILATION_MODE = wholemodule;
				SWIFT_OPTIMIZATION_LEVEL = "-O";
				VALIDATE_PRODUCT = YES;
			};
			name = Release;
		};
		76FD61BA23B929AE00D21B21 /* Debug */ = {
			isa = XCBuildConfiguration;
			buildSettings = {
				ASSETCATALOG_COMPILER_APPICON_NAME = AppIcon;
				CODE_SIGN_STYLE = Automatic;
				DEVELOPMENT_ASSET_PATHS = "\"MyProjects/Preview Content\"";
				DEVELOPMENT_TEAM = 64LWD834U3;
				ENABLE_PREVIEWS = YES;
				INFOPLIST_FILE = MyProjects/Info.plist;
				LD_RUNPATH_SEARCH_PATHS = (
					"$(inherited)",
					"@executable_path/Frameworks",
				);
				PRODUCT_BUNDLE_IDENTIFIER = com.firot.MyProjects;
				PRODUCT_NAME = "$(TARGET_NAME)";
				SWIFT_VERSION = 5.0;
				TARGETED_DEVICE_FAMILY = "1,2";
			};
			name = Debug;
		};
		76FD61BB23B929AE00D21B21 /* Release */ = {
			isa = XCBuildConfiguration;
			buildSettings = {
				ASSETCATALOG_COMPILER_APPICON_NAME = AppIcon;
				CODE_SIGN_STYLE = Automatic;
				DEVELOPMENT_ASSET_PATHS = "\"MyProjects/Preview Content\"";
				DEVELOPMENT_TEAM = 64LWD834U3;
				ENABLE_PREVIEWS = YES;
				INFOPLIST_FILE = MyProjects/Info.plist;
				LD_RUNPATH_SEARCH_PATHS = (
					"$(inherited)",
					"@executable_path/Frameworks",
				);
				PRODUCT_BUNDLE_IDENTIFIER = com.firot.MyProjects;
				PRODUCT_NAME = "$(TARGET_NAME)";
				SWIFT_VERSION = 5.0;
				TARGETED_DEVICE_FAMILY = "1,2";
			};
			name = Release;
		};
/* End XCBuildConfiguration section */

/* Begin XCConfigurationList section */
		76FD619D23B929AE00D21B21 /* Build configuration list for PBXProject "MyProjects" */ = {
			isa = XCConfigurationList;
			buildConfigurations = (
				76FD61B723B929AE00D21B21 /* Debug */,
				76FD61B823B929AE00D21B21 /* Release */,
			);
			defaultConfigurationIsVisible = 0;
			defaultConfigurationName = Release;
		};
		76FD61B923B929AE00D21B21 /* Build configuration list for PBXNativeTarget "MyProjects" */ = {
			isa = XCConfigurationList;
			buildConfigurations = (
				76FD61BA23B929AE00D21B21 /* Debug */,
				76FD61BB23B929AE00D21B21 /* Release */,
			);
			defaultConfigurationIsVisible = 0;
			defaultConfigurationName = Release;
		};
/* End XCConfigurationList section */

/* Begin XCVersionGroup section */
		76FD61A923B929AE00D21B21 /* MyProjects.xcdatamodeld */ = {
			isa = XCVersionGroup;
			children = (
				76FD61AA23B929AE00D21B21 /* MyProjects.xcdatamodel */,
			);
			currentVersion = 76FD61AA23B929AE00D21B21 /* MyProjects.xcdatamodel */;
			path = MyProjects.xcdatamodeld;
			sourceTree = "<group>";
			versionGroupType = wrapper.xcdatamodel;
		};
/* End XCVersionGroup section */
	};
	rootObject = 76FD619A23B929AE00D21B21 /* Project object */;
}
